// !$*UTF8*$!
{
	archiveVersion = 1;
	classes = {
	};
	objectVersion = 46;
	objects = {

/* Begin PBXBuildFile section */
		1AC6FB1F180E996B004C840B /* libbox2d Mac.a in Frameworks */ = {isa = PBXBuildFile; fileRef = 1AC6FAFF180E9839004C840B /* libbox2d Mac.a */; };
		1AC6FB20180E996B004C840B /* libchipmunk Mac.a in Frameworks */ = {isa = PBXBuildFile; fileRef = 1AC6FAFD180E9839004C840B /* libchipmunk Mac.a */; };
		1AC6FB21180E996B004C840B /* libcocos2dx Mac.a in Frameworks */ = {isa = PBXBuildFile; fileRef = 1AC6FAF9180E9839004C840B /* libcocos2dx Mac.a */; };
		1AC6FB22180E996B004C840B /* libcocos2dx-extensions Mac.a in Frameworks */ = {isa = PBXBuildFile; fileRef = 1AC6FAFB180E9839004C840B /* libcocos2dx-extensions Mac.a */; };
		1AC6FB23180E996B004C840B /* libCocosDenshion Mac.a in Frameworks */ = {isa = PBXBuildFile; fileRef = 1AC6FB01180E9839004C840B /* libCocosDenshion Mac.a */; };
		1AC6FB2E180E99EB004C840B /* libbox2d iOS.a in Frameworks */ = {isa = PBXBuildFile; fileRef = 1AC6FB0D180E9839004C840B /* libbox2d iOS.a */; };
		1AC6FB2F180E99EB004C840B /* libchipmunk iOS.a in Frameworks */ = {isa = PBXBuildFile; fileRef = 1AC6FB0B180E9839004C840B /* libchipmunk iOS.a */; };
		1AC6FB30180E99EB004C840B /* libcocos2dx iOS.a in Frameworks */ = {isa = PBXBuildFile; fileRef = 1AC6FB07180E9839004C840B /* libcocos2dx iOS.a */; };
		1AC6FB31180E99EB004C840B /* libcocos2dx-extensions iOS.a in Frameworks */ = {isa = PBXBuildFile; fileRef = 1AC6FB09180E9839004C840B /* libcocos2dx-extensions iOS.a */; };
		1AC6FB32180E99EB004C840B /* libCocosDenshion iOS.a in Frameworks */ = {isa = PBXBuildFile; fileRef = 1AC6FB0F180E9839004C840B /* libCocosDenshion iOS.a */; };
		1AFAF8B716D35DE700DB1158 /* AppDelegate.cpp in Sources */ = {isa = PBXBuildFile; fileRef = 1AFAF8B316D35DE700DB1158 /* AppDelegate.cpp */; };
		1AFAF8B816D35DE700DB1158 /* HelloWorldScene.cpp in Sources */ = {isa = PBXBuildFile; fileRef = 1AFAF8B516D35DE700DB1158 /* HelloWorldScene.cpp */; };
		1AFAF8BC16D35E4900DB1158 /* CloseNormal.png in Resources */ = {isa = PBXBuildFile; fileRef = 1AFAF8B916D35E4900DB1158 /* CloseNormal.png */; };
		1AFAF8BD16D35E4900DB1158 /* CloseSelected.png in Resources */ = {isa = PBXBuildFile; fileRef = 1AFAF8BA16D35E4900DB1158 /* CloseSelected.png */; };
		1AFAF8BE16D35E4900DB1158 /* HelloWorld.png in Resources */ = {isa = PBXBuildFile; fileRef = 1AFAF8BB16D35E4900DB1158 /* HelloWorld.png */; };
		1D60589F0D05DD5A006BFB54 /* Foundation.framework in Frameworks */ = {isa = PBXBuildFile; fileRef = 1D30AB110D05D00D00671497 /* Foundation.framework */; };
		1DF5F4E00D08C38300B7A737 /* UIKit.framework in Frameworks */ = {isa = PBXBuildFile; fileRef = 1DF5F4DF0D08C38300B7A737 /* UIKit.framework */; };
		288765A50DF7441C002DB57D /* CoreGraphics.framework in Frameworks */ = {isa = PBXBuildFile; fileRef = 288765A40DF7441C002DB57D /* CoreGraphics.framework */; };
		503AE0F817EB97AB00D1A890 /* Icon.icns in Resources */ = {isa = PBXBuildFile; fileRef = 503AE0F617EB97AB00D1A890 /* Icon.icns */; };
		503AE10017EB989F00D1A890 /* AppController.mm in Sources */ = {isa = PBXBuildFile; fileRef = 503AE0FB17EB989F00D1A890 /* AppController.mm */; };
		503AE10117EB989F00D1A890 /* main.m in Sources */ = {isa = PBXBuildFile; fileRef = 503AE0FC17EB989F00D1A890 /* main.m */; };
		503AE10217EB989F00D1A890 /* RootViewController.mm in Sources */ = {isa = PBXBuildFile; fileRef = 503AE0FF17EB989F00D1A890 /* RootViewController.mm */; };
		503AE10517EB98FF00D1A890 /* main.cpp in Sources */ = {isa = PBXBuildFile; fileRef = 503AE10317EB98FF00D1A890 /* main.cpp */; };
		503AE11217EB99EE00D1A890 /* libcurl.dylib in Frameworks */ = {isa = PBXBuildFile; fileRef = 503AE11117EB99EE00D1A890 /* libcurl.dylib */; };
		503AE11B17EB9C5A00D1A890 /* IOKit.framework in Frameworks */ = {isa = PBXBuildFile; fileRef = 503AE11A17EB9C5A00D1A890 /* IOKit.framework */; };
		5087E75317EB910900C73F5D /* CloseNormal.png in Resources */ = {isa = PBXBuildFile; fileRef = 1AFAF8B916D35E4900DB1158 /* CloseNormal.png */; };
		5087E75417EB910900C73F5D /* CloseSelected.png in Resources */ = {isa = PBXBuildFile; fileRef = 1AFAF8BA16D35E4900DB1158 /* CloseSelected.png */; };
		5087E75517EB910900C73F5D /* HelloWorld.png in Resources */ = {isa = PBXBuildFile; fileRef = 1AFAF8BB16D35E4900DB1158 /* HelloWorld.png */; };
		5087E75717EB910900C73F5D /* AppDelegate.cpp in Sources */ = {isa = PBXBuildFile; fileRef = 1AFAF8B316D35DE700DB1158 /* AppDelegate.cpp */; };
		5087E75817EB910900C73F5D /* HelloWorldScene.cpp in Sources */ = {isa = PBXBuildFile; fileRef = 1AFAF8B516D35DE700DB1158 /* HelloWorldScene.cpp */; };
		5087E76317EB910900C73F5D /* Foundation.framework in Frameworks */ = {isa = PBXBuildFile; fileRef = 1D30AB110D05D00D00671497 /* Foundation.framework */; };
		5087E76517EB910900C73F5D /* CoreGraphics.framework in Frameworks */ = {isa = PBXBuildFile; fileRef = 288765A40DF7441C002DB57D /* CoreGraphics.framework */; };
		5087E76717EB910900C73F5D /* libz.dylib in Frameworks */ = {isa = PBXBuildFile; fileRef = BF170DB412928DE900B8313A /* libz.dylib */; };
		5087E76817EB910900C73F5D /* QuartzCore.framework in Frameworks */ = {isa = PBXBuildFile; fileRef = BF1C47EA1293683800B63C5D /* QuartzCore.framework */; };
		5087E76917EB910900C73F5D /* OpenAL.framework in Frameworks */ = {isa = PBXBuildFile; fileRef = D44C620B132DFF330009C878 /* OpenAL.framework */; };
		5087E76A17EB910900C73F5D /* AVFoundation.framework in Frameworks */ = {isa = PBXBuildFile; fileRef = D44C620D132DFF430009C878 /* AVFoundation.framework */; };
		5087E76B17EB910900C73F5D /* AudioToolbox.framework in Frameworks */ = {isa = PBXBuildFile; fileRef = D44C620F132DFF4E0009C878 /* AudioToolbox.framework */; };
		5087E77D17EB970100C73F5D /* Default-568h@2x.png in Resources */ = {isa = PBXBuildFile; fileRef = 5087E77217EB970100C73F5D /* Default-568h@2x.png */; };
		5087E77E17EB970100C73F5D /* Default.png in Resources */ = {isa = PBXBuildFile; fileRef = 5087E77317EB970100C73F5D /* Default.png */; };
		5087E77F17EB970100C73F5D /* Default@2x.png in Resources */ = {isa = PBXBuildFile; fileRef = 5087E77417EB970100C73F5D /* Default@2x.png */; };
		5087E78017EB970100C73F5D /* Icon-114.png in Resources */ = {isa = PBXBuildFile; fileRef = 5087E77517EB970100C73F5D /* Icon-114.png */; };
		5087E78117EB970100C73F5D /* Icon-120.png in Resources */ = {isa = PBXBuildFile; fileRef = 5087E77617EB970100C73F5D /* Icon-120.png */; };
		5087E78217EB970100C73F5D /* Icon-144.png in Resources */ = {isa = PBXBuildFile; fileRef = 5087E77717EB970100C73F5D /* Icon-144.png */; };
		5087E78317EB970100C73F5D /* Icon-152.png in Resources */ = {isa = PBXBuildFile; fileRef = 5087E77817EB970100C73F5D /* Icon-152.png */; };
		5087E78417EB970100C73F5D /* Icon-57.png in Resources */ = {isa = PBXBuildFile; fileRef = 5087E77917EB970100C73F5D /* Icon-57.png */; };
		5087E78517EB970100C73F5D /* Icon-72.png in Resources */ = {isa = PBXBuildFile; fileRef = 5087E77A17EB970100C73F5D /* Icon-72.png */; };
		5087E78617EB970100C73F5D /* Icon-76.png in Resources */ = {isa = PBXBuildFile; fileRef = 5087E77B17EB970100C73F5D /* Icon-76.png */; };
		5087E78917EB974C00C73F5D /* AppKit.framework in Frameworks */ = {isa = PBXBuildFile; fileRef = 5087E78817EB974C00C73F5D /* AppKit.framework */; };
		5087E78B17EB975400C73F5D /* OpenGL.framework in Frameworks */ = {isa = PBXBuildFile; fileRef = 5087E78A17EB975400C73F5D /* OpenGL.framework */; };
		50EF629617ECD46A001EB2F8 /* Icon-40.png in Resources */ = {isa = PBXBuildFile; fileRef = 50EF629217ECD46A001EB2F8 /* Icon-40.png */; };
		50EF629717ECD46A001EB2F8 /* Icon-58.png in Resources */ = {isa = PBXBuildFile; fileRef = 50EF629317ECD46A001EB2F8 /* Icon-58.png */; };
		50EF629817ECD46A001EB2F8 /* Icon-80.png in Resources */ = {isa = PBXBuildFile; fileRef = 50EF629417ECD46A001EB2F8 /* Icon-80.png */; };
		50EF629917ECD46A001EB2F8 /* Icon-100.png in Resources */ = {isa = PBXBuildFile; fileRef = 50EF629517ECD46A001EB2F8 /* Icon-100.png */; };
		50EF62A217ECD613001EB2F8 /* Icon-29.png in Resources */ = {isa = PBXBuildFile; fileRef = 50EF62A017ECD613001EB2F8 /* Icon-29.png */; };
		50EF62A317ECD613001EB2F8 /* Icon-50.png in Resources */ = {isa = PBXBuildFile; fileRef = 50EF62A117ECD613001EB2F8 /* Icon-50.png */; };
		8C2995601983A56A00BD0096 /* BOX.png in Resources */ = {isa = PBXBuildFile; fileRef = 8C29953B1983A56A00BD0096 /* BOX.png */; };
		8C2995611983A56A00BD0096 /* BOX.png in Resources */ = {isa = PBXBuildFile; fileRef = 8C29953B1983A56A00BD0096 /* BOX.png */; };
		8C2995621983A56A00BD0096 /* btnBackOf.png in Resources */ = {isa = PBXBuildFile; fileRef = 8C29953C1983A56A00BD0096 /* btnBackOf.png */; };
		8C2995631983A56A00BD0096 /* btnBackOf.png in Resources */ = {isa = PBXBuildFile; fileRef = 8C29953C1983A56A00BD0096 /* btnBackOf.png */; };
		8C2995641983A56A00BD0096 /* btnBackOn.png in Resources */ = {isa = PBXBuildFile; fileRef = 8C29953D1983A56A00BD0096 /* btnBackOn.png */; };
		8C2995651983A56A00BD0096 /* btnBackOn.png in Resources */ = {isa = PBXBuildFile; fileRef = 8C29953D1983A56A00BD0096 /* btnBackOn.png */; };
		8C2995661983A56A00BD0096 /* btnOf.png in Resources */ = {isa = PBXBuildFile; fileRef = 8C29953E1983A56A00BD0096 /* btnOf.png */; };
		8C2995671983A56A00BD0096 /* btnOf.png in Resources */ = {isa = PBXBuildFile; fileRef = 8C29953E1983A56A00BD0096 /* btnOf.png */; };
		8C2995681983A56A00BD0096 /* btnOn.png in Resources */ = {isa = PBXBuildFile; fileRef = 8C29953F1983A56A00BD0096 /* btnOn.png */; };
		8C2995691983A56A00BD0096 /* btnOn.png in Resources */ = {isa = PBXBuildFile; fileRef = 8C29953F1983A56A00BD0096 /* btnOn.png */; };
		8C29956A1983A56A00BD0096 /* chboxInactive.png in Resources */ = {isa = PBXBuildFile; fileRef = 8C2995401983A56A00BD0096 /* chboxInactive.png */; };
		8C29956B1983A56A00BD0096 /* chboxInactive.png in Resources */ = {isa = PBXBuildFile; fileRef = 8C2995401983A56A00BD0096 /* chboxInactive.png */; };
		8C29956C1983A56A00BD0096 /* checkpoint.png in Resources */ = {isa = PBXBuildFile; fileRef = 8C2995411983A56A00BD0096 /* checkpoint.png */; };
		8C29956D1983A56A00BD0096 /* checkpoint.png in Resources */ = {isa = PBXBuildFile; fileRef = 8C2995411983A56A00BD0096 /* checkpoint.png */; };
		8C29956E1983A56A00BD0096 /* chkboxactive.png in Resources */ = {isa = PBXBuildFile; fileRef = 8C2995421983A56A00BD0096 /* chkboxactive.png */; };
		8C29956F1983A56A00BD0096 /* chkboxactive.png in Resources */ = {isa = PBXBuildFile; fileRef = 8C2995421983A56A00BD0096 /* chkboxactive.png */; };
		8C2995701983A56A00BD0096 /* chkboxclicked.png in Resources */ = {isa = PBXBuildFile; fileRef = 8C2995431983A56A00BD0096 /* chkboxclicked.png */; };
		8C2995711983A56A00BD0096 /* chkboxclicked.png in Resources */ = {isa = PBXBuildFile; fileRef = 8C2995431983A56A00BD0096 /* chkboxclicked.png */; };
		8C2995721983A56A00BD0096 /* drzewka.png in Resources */ = {isa = PBXBuildFile; fileRef = 8C2995441983A56A00BD0096 /* drzewka.png */; };
		8C2995731983A56A00BD0096 /* drzewka.png in Resources */ = {isa = PBXBuildFile; fileRef = 8C2995441983A56A00BD0096 /* drzewka.png */; };
		8C2995741983A56A00BD0096 /* FLAT.png in Resources */ = {isa = PBXBuildFile; fileRef = 8C2995451983A56A00BD0096 /* FLAT.png */; };
		8C2995751983A56A00BD0096 /* FLAT.png in Resources */ = {isa = PBXBuildFile; fileRef = 8C2995451983A56A00BD0096 /* FLAT.png */; };
		8C2995761983A56A00BD0096 /* fonts in Resources */ = {isa = PBXBuildFile; fileRef = 8C2995461983A56A00BD0096 /* fonts */; };
		8C2995771983A56A00BD0096 /* fonts in Resources */ = {isa = PBXBuildFile; fileRef = 8C2995461983A56A00BD0096 /* fonts */; };
		8C2995781983A56A00BD0096 /* gotoMenuBtnOf.png in Resources */ = {isa = PBXBuildFile; fileRef = 8C2995471983A56A00BD0096 /* gotoMenuBtnOf.png */; };
		8C2995791983A56A00BD0096 /* gotoMenuBtnOf.png in Resources */ = {isa = PBXBuildFile; fileRef = 8C2995471983A56A00BD0096 /* gotoMenuBtnOf.png */; };
		8C29957A1983A56A00BD0096 /* minusBtn.png in Resources */ = {isa = PBXBuildFile; fileRef = 8C2995481983A56A00BD0096 /* minusBtn.png */; };
		8C29957B1983A56A00BD0096 /* minusBtn.png in Resources */ = {isa = PBXBuildFile; fileRef = 8C2995481983A56A00BD0096 /* minusBtn.png */; };
		8C29957C1983A56A00BD0096 /* multiBtn.png in Resources */ = {isa = PBXBuildFile; fileRef = 8C2995491983A56A00BD0096 /* multiBtn.png */; };
		8C29957D1983A56A00BD0096 /* multiBtn.png in Resources */ = {isa = PBXBuildFile; fileRef = 8C2995491983A56A00BD0096 /* multiBtn.png */; };
		8C29957E1983A56A00BD0096 /* multilanguage in Resources */ = {isa = PBXBuildFile; fileRef = 8C29954A1983A56A00BD0096 /* multilanguage */; };
		8C29957F1983A56A00BD0096 /* multilanguage in Resources */ = {isa = PBXBuildFile; fileRef = 8C29954A1983A56A00BD0096 /* multilanguage */; };
		8C2995801983A56A00BD0096 /* PageElimination.png in Resources */ = {isa = PBXBuildFile; fileRef = 8C29954B1983A56A00BD0096 /* PageElimination.png */; };
		8C2995811983A56A00BD0096 /* PageElimination.png in Resources */ = {isa = PBXBuildFile; fileRef = 8C29954B1983A56A00BD0096 /* PageElimination.png */; };
		8C2995821983A56A00BD0096 /* pageEndlessRun.png in Resources */ = {isa = PBXBuildFile; fileRef = 8C29954C1983A56A00BD0096 /* pageEndlessRun.png */; };
		8C2995831983A56A00BD0096 /* pageEndlessRun.png in Resources */ = {isa = PBXBuildFile; fileRef = 8C29954C1983A56A00BD0096 /* pageEndlessRun.png */; };
		8C2995841983A56A00BD0096 /* pageGate.png in Resources */ = {isa = PBXBuildFile; fileRef = 8C29954D1983A56A00BD0096 /* pageGate.png */; };
		8C2995851983A56A00BD0096 /* pageGate.png in Resources */ = {isa = PBXBuildFile; fileRef = 8C29954D1983A56A00BD0096 /* pageGate.png */; };
		8C2995861983A56A00BD0096 /* particles in Resources */ = {isa = PBXBuildFile; fileRef = 8C29954E1983A56A00BD0096 /* particles */; };
		8C2995871983A56A00BD0096 /* particles in Resources */ = {isa = PBXBuildFile; fileRef = 8C29954E1983A56A00BD0096 /* particles */; };
		8C2995881983A56A00BD0096 /* pauseBtnOf.png in Resources */ = {isa = PBXBuildFile; fileRef = 8C29954F1983A56A00BD0096 /* pauseBtnOf.png */; };
		8C2995891983A56A00BD0096 /* pauseBtnOf.png in Resources */ = {isa = PBXBuildFile; fileRef = 8C29954F1983A56A00BD0096 /* pauseBtnOf.png */; };
		8C29958A1983A56A00BD0096 /* pauseBtnOn — kopia.png in Resources */ = {isa = PBXBuildFile; fileRef = 8C2995501983A56A00BD0096 /* pauseBtnOn — kopia.png */; };
		8C29958B1983A56A00BD0096 /* pauseBtnOn — kopia.png in Resources */ = {isa = PBXBuildFile; fileRef = 8C2995501983A56A00BD0096 /* pauseBtnOn — kopia.png */; };
		8C29958C1983A56A00BD0096 /* pauseBtnOn.png in Resources */ = {isa = PBXBuildFile; fileRef = 8C2995511983A56A00BD0096 /* pauseBtnOn.png */; };
		8C29958D1983A56A00BD0096 /* pauseBtnOn.png in Resources */ = {isa = PBXBuildFile; fileRef = 8C2995511983A56A00BD0096 /* pauseBtnOn.png */; };
		8C29958E1983A56A00BD0096 /* plusbtn.png in Resources */ = {isa = PBXBuildFile; fileRef = 8C2995521983A56A00BD0096 /* plusbtn.png */; };
		8C29958F1983A56A00BD0096 /* plusbtn.png in Resources */ = {isa = PBXBuildFile; fileRef = 8C2995521983A56A00BD0096 /* plusbtn.png */; };
		8C2995901983A56A00BD0096 /* repeatBtnOn.png in Resources */ = {isa = PBXBuildFile; fileRef = 8C2995531983A56A00BD0096 /* repeatBtnOn.png */; };
		8C2995911983A56A00BD0096 /* repeatBtnOn.png in Resources */ = {isa = PBXBuildFile; fileRef = 8C2995531983A56A00BD0096 /* repeatBtnOn.png */; };
		8C2995921983A56A00BD0096 /* Res1.plist in Resources */ = {isa = PBXBuildFile; fileRef = 8C2995541983A56A00BD0096 /* Res1.plist */; };
		8C2995931983A56A00BD0096 /* Res1.plist in Resources */ = {isa = PBXBuildFile; fileRef = 8C2995541983A56A00BD0096 /* Res1.plist */; };
		8C2995941983A56A00BD0096 /* Res1.png in Resources */ = {isa = PBXBuildFile; fileRef = 8C2995551983A56A00BD0096 /* Res1.png */; };
		8C2995951983A56A00BD0096 /* Res1.png in Resources */ = {isa = PBXBuildFile; fileRef = 8C2995551983A56A00BD0096 /* Res1.png */; };
		8C2995961983A56A00BD0096 /* Res1.tps in Resources */ = {isa = PBXBuildFile; fileRef = 8C2995561983A56A00BD0096 /* Res1.tps */; };
		8C2995971983A56A00BD0096 /* Res1.tps in Resources */ = {isa = PBXBuildFile; fileRef = 8C2995561983A56A00BD0096 /* Res1.tps */; };
		8C2995981983A56A00BD0096 /* resumeBtnOf.png in Resources */ = {isa = PBXBuildFile; fileRef = 8C2995571983A56A00BD0096 /* resumeBtnOf.png */; };
		8C2995991983A56A00BD0096 /* resumeBtnOf.png in Resources */ = {isa = PBXBuildFile; fileRef = 8C2995571983A56A00BD0096 /* resumeBtnOf.png */; };
		8C29959A1983A56A00BD0096 /* scripts in Resources */ = {isa = PBXBuildFile; fileRef = 8C2995581983A56A00BD0096 /* scripts */; };
		8C29959B1983A56A00BD0096 /* scripts in Resources */ = {isa = PBXBuildFile; fileRef = 8C2995581983A56A00BD0096 /* scripts */; };
		8C29959C1983A56A00BD0096 /* Shaders in Resources */ = {isa = PBXBuildFile; fileRef = 8C2995591983A56A00BD0096 /* Shaders */; };
		8C29959D1983A56A00BD0096 /* Shaders in Resources */ = {isa = PBXBuildFile; fileRef = 8C2995591983A56A00BD0096 /* Shaders */; };
		8C29959E1983A56A00BD0096 /* slider.png in Resources */ = {isa = PBXBuildFile; fileRef = 8C29955A1983A56A00BD0096 /* slider.png */; };
		8C29959F1983A56A00BD0096 /* slider.png in Resources */ = {isa = PBXBuildFile; fileRef = 8C29955A1983A56A00BD0096 /* slider.png */; };
		8C2995A01983A56A00BD0096 /* sliderActive.png in Resources */ = {isa = PBXBuildFile; fileRef = 8C29955B1983A56A00BD0096 /* sliderActive.png */; };
		8C2995A11983A56A00BD0096 /* sliderActive.png in Resources */ = {isa = PBXBuildFile; fileRef = 8C29955B1983A56A00BD0096 /* sliderActive.png */; };
		8C2995A21983A56A00BD0096 /* sliderDot.png in Resources */ = {isa = PBXBuildFile; fileRef = 8C29955C1983A56A00BD0096 /* sliderDot.png */; };
		8C2995A31983A56A00BD0096 /* sliderDot.png in Resources */ = {isa = PBXBuildFile; fileRef = 8C29955C1983A56A00BD0096 /* sliderDot.png */; };
		8C2995A41983A56A00BD0096 /* sounds in Resources */ = {isa = PBXBuildFile; fileRef = 8C29955D1983A56A00BD0096 /* sounds */; };
		8C2995A51983A56A00BD0096 /* sounds in Resources */ = {isa = PBXBuildFile; fileRef = 8C29955D1983A56A00BD0096 /* sounds */; };
		8C2995A61983A56A00BD0096 /* stars2.png in Resources */ = {isa = PBXBuildFile; fileRef = 8C29955E1983A56A00BD0096 /* stars2.png */; };
		8C2995A71983A56A00BD0096 /* stars2.png in Resources */ = {isa = PBXBuildFile; fileRef = 8C29955E1983A56A00BD0096 /* stars2.png */; };
		8C2995A81983A56A00BD0096 /* tlo.png in Resources */ = {isa = PBXBuildFile; fileRef = 8C29955F1983A56A00BD0096 /* tlo.png */; };
		8C2995A91983A56A00BD0096 /* tlo.png in Resources */ = {isa = PBXBuildFile; fileRef = 8C29955F1983A56A00BD0096 /* tlo.png */; };
		8C2995D01983A57D00BD0096 /* AIOpponent.cpp in Sources */ = {isa = PBXBuildFile; fileRef = 8C2995AC1983A57C00BD0096 /* AIOpponent.cpp */; };
		8C2995D11983A57D00BD0096 /* AIOpponent.cpp in Sources */ = {isa = PBXBuildFile; fileRef = 8C2995AC1983A57C00BD0096 /* AIOpponent.cpp */; };
		8C2995D21983A57D00BD0096 /* Boxx.cpp in Sources */ = {isa = PBXBuildFile; fileRef = 8C2995AE1983A57C00BD0096 /* Boxx.cpp */; };
		8C2995D31983A57D00BD0096 /* Boxx.cpp in Sources */ = {isa = PBXBuildFile; fileRef = 8C2995AE1983A57C00BD0096 /* Boxx.cpp */; };
		8C2995D41983A57D00BD0096 /* Checkpoint.cpp in Sources */ = {isa = PBXBuildFile; fileRef = 8C2995B01983A57C00BD0096 /* Checkpoint.cpp */; };
		8C2995D51983A57D00BD0096 /* Checkpoint.cpp in Sources */ = {isa = PBXBuildFile; fileRef = 8C2995B01983A57C00BD0096 /* Checkpoint.cpp */; };
		8C2995D61983A57D00BD0096 /* EndlessHud.cpp in Sources */ = {isa = PBXBuildFile; fileRef = 8C2995B21983A57C00BD0096 /* EndlessHud.cpp */; };
		8C2995D71983A57D00BD0096 /* EndlessHud.cpp in Sources */ = {isa = PBXBuildFile; fileRef = 8C2995B21983A57C00BD0096 /* EndlessHud.cpp */; };
		8C2995D81983A57D00BD0096 /* EndlessWorld.cpp in Sources */ = {isa = PBXBuildFile; fileRef = 8C2995B41983A57C00BD0096 /* EndlessWorld.cpp */; };
		8C2995D91983A57D00BD0096 /* EndlessWorld.cpp in Sources */ = {isa = PBXBuildFile; fileRef = 8C2995B41983A57C00BD0096 /* EndlessWorld.cpp */; };
		8C2995DA1983A57D00BD0096 /* Globals.cpp in Sources */ = {isa = PBXBuildFile; fileRef = 8C2995B61983A57C00BD0096 /* Globals.cpp */; };
		8C2995DB1983A57D00BD0096 /* Globals.cpp in Sources */ = {isa = PBXBuildFile; fileRef = 8C2995B61983A57C00BD0096 /* Globals.cpp */; };
		8C2995DC1983A57D00BD0096 /* Hud.cpp in Sources */ = {isa = PBXBuildFile; fileRef = 8C2995B81983A57C00BD0096 /* Hud.cpp */; };
		8C2995DD1983A57D00BD0096 /* Hud.cpp in Sources */ = {isa = PBXBuildFile; fileRef = 8C2995B81983A57C00BD0096 /* Hud.cpp */; };
		8C2995DE1983A57D00BD0096 /* myLayout.cpp in Sources */ = {isa = PBXBuildFile; fileRef = 8C2995BB1983A57C00BD0096 /* myLayout.cpp */; };
		8C2995DF1983A57D00BD0096 /* myLayout.cpp in Sources */ = {isa = PBXBuildFile; fileRef = 8C2995BB1983A57C00BD0096 /* myLayout.cpp */; };
		8C2995E01983A57D00BD0096 /* MyMenu.cpp in Sources */ = {isa = PBXBuildFile; fileRef = 8C2995BD1983A57C00BD0096 /* MyMenu.cpp */; };
		8C2995E11983A57D00BD0096 /* MyMenu.cpp in Sources */ = {isa = PBXBuildFile; fileRef = 8C2995BD1983A57C00BD0096 /* MyMenu.cpp */; };
		8C2995E21983A57D00BD0096 /* Player.cpp in Sources */ = {isa = PBXBuildFile; fileRef = 8C2995C01983A57C00BD0096 /* Player.cpp */; };
		8C2995E31983A57D00BD0096 /* Player.cpp in Sources */ = {isa = PBXBuildFile; fileRef = 8C2995C01983A57C00BD0096 /* Player.cpp */; };
		8C2995E41983A57D00BD0096 /* SingleElimHUD.cpp in Sources */ = {isa = PBXBuildFile; fileRef = 8C2995C21983A57C00BD0096 /* SingleElimHUD.cpp */; };
		8C2995E51983A57D00BD0096 /* SingleElimHUD.cpp in Sources */ = {isa = PBXBuildFile; fileRef = 8C2995C21983A57C00BD0096 /* SingleElimHUD.cpp */; };
		8C2995E61983A57D00BD0096 /* SingleEliminationWorld.cpp in Sources */ = {isa = PBXBuildFile; fileRef = 8C2995C41983A57C00BD0096 /* SingleEliminationWorld.cpp */; };
		8C2995E71983A57D00BD0096 /* SingleEliminationWorld.cpp in Sources */ = {isa = PBXBuildFile; fileRef = 8C2995C41983A57C00BD0096 /* SingleEliminationWorld.cpp */; };
		8C2995E81983A57D00BD0096 /* SingleGateWorld.cpp in Sources */ = {isa = PBXBuildFile; fileRef = 8C2995C61983A57C00BD0096 /* SingleGateWorld.cpp */; };
		8C2995E91983A57D00BD0096 /* SingleGateWorld.cpp in Sources */ = {isa = PBXBuildFile; fileRef = 8C2995C61983A57C00BD0096 /* SingleGateWorld.cpp */; };
		8C2995EA1983A57D00BD0096 /* SingleHud.cpp in Sources */ = {isa = PBXBuildFile; fileRef = 8C2995C81983A57C00BD0096 /* SingleHud.cpp */; };
		8C2995EB1983A57D00BD0096 /* SingleHud.cpp in Sources */ = {isa = PBXBuildFile; fileRef = 8C2995C81983A57C00BD0096 /* SingleHud.cpp */; };
		8C2995EC1983A57D00BD0096 /* U.cpp in Sources */ = {isa = PBXBuildFile; fileRef = 8C2995CA1983A57C00BD0096 /* U.cpp */; };
		8C2995ED1983A57D00BD0096 /* U.cpp in Sources */ = {isa = PBXBuildFile; fileRef = 8C2995CA1983A57C00BD0096 /* U.cpp */; };
		8C2995EE1983A57D00BD0096 /* VisibleRect.cpp in Sources */ = {isa = PBXBuildFile; fileRef = 8C2995CC1983A57C00BD0096 /* VisibleRect.cpp */; };
		8C2995EF1983A57D00BD0096 /* VisibleRect.cpp in Sources */ = {isa = PBXBuildFile; fileRef = 8C2995CC1983A57C00BD0096 /* VisibleRect.cpp */; };
		8C2995F01983A57D00BD0096 /* World.cpp in Sources */ = {isa = PBXBuildFile; fileRef = 8C2995CE1983A57C00BD0096 /* World.cpp */; };
		8C2995F11983A57D00BD0096 /* World.cpp in Sources */ = {isa = PBXBuildFile; fileRef = 8C2995CE1983A57C00BD0096 /* World.cpp */; };
		BF171245129291EC00B8313A /* OpenGLES.framework in Frameworks */ = {isa = PBXBuildFile; fileRef = BF170DB012928DE900B8313A /* OpenGLES.framework */; };
		BF1712471292920000B8313A /* libz.dylib in Frameworks */ = {isa = PBXBuildFile; fileRef = BF170DB412928DE900B8313A /* libz.dylib */; };
		BF1C47F01293687400B63C5D /* QuartzCore.framework in Frameworks */ = {isa = PBXBuildFile; fileRef = BF1C47EA1293683800B63C5D /* QuartzCore.framework */; };
		D44C620C132DFF330009C878 /* OpenAL.framework in Frameworks */ = {isa = PBXBuildFile; fileRef = D44C620B132DFF330009C878 /* OpenAL.framework */; };
		D44C620E132DFF430009C878 /* AVFoundation.framework in Frameworks */ = {isa = PBXBuildFile; fileRef = D44C620D132DFF430009C878 /* AVFoundation.framework */; };
		D44C6210132DFF4E0009C878 /* AudioToolbox.framework in Frameworks */ = {isa = PBXBuildFile; fileRef = D44C620F132DFF4E0009C878 /* AudioToolbox.framework */; };
		D6B0611B1803AB670077942B /* CoreMotion.framework in Frameworks */ = {isa = PBXBuildFile; fileRef = D6B0611A1803AB670077942B /* CoreMotion.framework */; };
/* End PBXBuildFile section */

/* Begin PBXContainerItemProxy section */
		1AC6FAF8180E9839004C840B /* PBXContainerItemProxy */ = {
			isa = PBXContainerItemProxy;
			containerPortal = 1AC6FAE5180E9839004C840B /* cocos2d_libs.xcodeproj */;
			proxyType = 2;
			remoteGlobalIDString = 1551A33F158F2AB200E66CFE;
			remoteInfo = "cocos2dx Mac";
		};
		1AC6FAFA180E9839004C840B /* PBXContainerItemProxy */ = {
			isa = PBXContainerItemProxy;
			containerPortal = 1AC6FAE5180E9839004C840B /* cocos2d_libs.xcodeproj */;
			proxyType = 2;
			remoteGlobalIDString = A03F2FD617814595006731B9;
			remoteInfo = "cocos2dx-extensions Mac";
		};
		1AC6FAFC180E9839004C840B /* PBXContainerItemProxy */ = {
			isa = PBXContainerItemProxy;
			containerPortal = 1AC6FAE5180E9839004C840B /* cocos2d_libs.xcodeproj */;
			proxyType = 2;
			remoteGlobalIDString = A03F2CB81780BD04006731B9;
			remoteInfo = "chipmunk Mac";
		};
		1AC6FAFE180E9839004C840B /* PBXContainerItemProxy */ = {
			isa = PBXContainerItemProxy;
			containerPortal = 1AC6FAE5180E9839004C840B /* cocos2d_libs.xcodeproj */;
			proxyType = 2;
			remoteGlobalIDString = A03F2D9B1780BDF7006731B9;
			remoteInfo = "box2d Mac";
		};
		1AC6FB00180E9839004C840B /* PBXContainerItemProxy */ = {
			isa = PBXContainerItemProxy;
			containerPortal = 1AC6FAE5180E9839004C840B /* cocos2d_libs.xcodeproj */;
			proxyType = 2;
			remoteGlobalIDString = A03F2ED617814268006731B9;
			remoteInfo = "CocosDenshion Mac";
		};
		1AC6FB06180E9839004C840B /* PBXContainerItemProxy */ = {
			isa = PBXContainerItemProxy;
			containerPortal = 1AC6FAE5180E9839004C840B /* cocos2d_libs.xcodeproj */;
			proxyType = 2;
			remoteGlobalIDString = A07A4D641783777C0073F6A7;
			remoteInfo = "cocos2dx iOS";
		};
		1AC6FB08180E9839004C840B /* PBXContainerItemProxy */ = {
			isa = PBXContainerItemProxy;
			containerPortal = 1AC6FAE5180E9839004C840B /* cocos2d_libs.xcodeproj */;
			proxyType = 2;
			remoteGlobalIDString = A07A4EFC1783867C0073F6A7;
			remoteInfo = "cocos2dx-extensions iOS";
		};
		1AC6FB0A180E9839004C840B /* PBXContainerItemProxy */ = {
			isa = PBXContainerItemProxy;
			containerPortal = 1AC6FAE5180E9839004C840B /* cocos2d_libs.xcodeproj */;
			proxyType = 2;
			remoteGlobalIDString = A07A4F3B178387670073F6A7;
			remoteInfo = "chipmunk iOS";
		};
		1AC6FB0C180E9839004C840B /* PBXContainerItemProxy */ = {
			isa = PBXContainerItemProxy;
			containerPortal = 1AC6FAE5180E9839004C840B /* cocos2d_libs.xcodeproj */;
			proxyType = 2;
			remoteGlobalIDString = A07A4F9E1783876B0073F6A7;
			remoteInfo = "box2d iOS";
		};
		1AC6FB0E180E9839004C840B /* PBXContainerItemProxy */ = {
			isa = PBXContainerItemProxy;
			containerPortal = 1AC6FAE5180E9839004C840B /* cocos2d_libs.xcodeproj */;
			proxyType = 2;
			remoteGlobalIDString = A07A4FB4178387730073F6A7;
			remoteInfo = "CocosDenshion iOS";
		};
		1AC6FB15180E9959004C840B /* PBXContainerItemProxy */ = {
			isa = PBXContainerItemProxy;
			containerPortal = 1AC6FAE5180E9839004C840B /* cocos2d_libs.xcodeproj */;
			proxyType = 1;
			remoteGlobalIDString = 1551A33E158F2AB200E66CFE;
			remoteInfo = "cocos2dx Mac";
		};
		1AC6FB17180E9959004C840B /* PBXContainerItemProxy */ = {
			isa = PBXContainerItemProxy;
			containerPortal = 1AC6FAE5180E9839004C840B /* cocos2d_libs.xcodeproj */;
			proxyType = 1;
			remoteGlobalIDString = A03F2FC117814595006731B9;
			remoteInfo = "cocos2dx-extensions Mac";
		};
		1AC6FB19180E9959004C840B /* PBXContainerItemProxy */ = {
			isa = PBXContainerItemProxy;
			containerPortal = 1AC6FAE5180E9839004C840B /* cocos2d_libs.xcodeproj */;
			proxyType = 1;
			remoteGlobalIDString = A03F2B781780BD04006731B9;
			remoteInfo = "chipmunk Mac";
		};
		1AC6FB1B180E9959004C840B /* PBXContainerItemProxy */ = {
			isa = PBXContainerItemProxy;
			containerPortal = 1AC6FAE5180E9839004C840B /* cocos2d_libs.xcodeproj */;
			proxyType = 1;
			remoteGlobalIDString = A03F2E9817814268006731B9;
			remoteInfo = "CocosDenshion Mac";
		};
		1AC6FB1D180E9963004C840B /* PBXContainerItemProxy */ = {
			isa = PBXContainerItemProxy;
			containerPortal = 1AC6FAE5180E9839004C840B /* cocos2d_libs.xcodeproj */;
			proxyType = 1;
			remoteGlobalIDString = A03F2D5D1780BDF7006731B9;
			remoteInfo = "box2d Mac";
		};
		1AC6FB24180E99E1004C840B /* PBXContainerItemProxy */ = {
			isa = PBXContainerItemProxy;
			containerPortal = 1AC6FAE5180E9839004C840B /* cocos2d_libs.xcodeproj */;
			proxyType = 1;
			remoteGlobalIDString = A07A4C241783777C0073F6A7;
			remoteInfo = "cocos2dx iOS";
		};
		1AC6FB26180E99E1004C840B /* PBXContainerItemProxy */ = {
			isa = PBXContainerItemProxy;
			containerPortal = 1AC6FAE5180E9839004C840B /* cocos2d_libs.xcodeproj */;
			proxyType = 1;
			remoteGlobalIDString = A07A4E111783867C0073F6A7;
			remoteInfo = "cocos2dx-extensions iOS";
		};
		1AC6FB28180E99E1004C840B /* PBXContainerItemProxy */ = {
			isa = PBXContainerItemProxy;
			containerPortal = 1AC6FAE5180E9839004C840B /* cocos2d_libs.xcodeproj */;
			proxyType = 1;
			remoteGlobalIDString = A07A4EFD178387670073F6A7;
			remoteInfo = "chipmunk iOS";
		};
		1AC6FB2A180E99E1004C840B /* PBXContainerItemProxy */ = {
			isa = PBXContainerItemProxy;
			containerPortal = 1AC6FAE5180E9839004C840B /* cocos2d_libs.xcodeproj */;
			proxyType = 1;
			remoteGlobalIDString = A07A4F3C1783876B0073F6A7;
			remoteInfo = "box2d iOS";
		};
		1AC6FB2C180E99E1004C840B /* PBXContainerItemProxy */ = {
			isa = PBXContainerItemProxy;
			containerPortal = 1AC6FAE5180E9839004C840B /* cocos2d_libs.xcodeproj */;
			proxyType = 1;
			remoteGlobalIDString = A07A4F9F178387730073F6A7;
			remoteInfo = "CocosDenshion iOS";
		};
/* End PBXContainerItemProxy section */

/* Begin PBXFileReference section */
		1AC6FAE5180E9839004C840B /* cocos2d_libs.xcodeproj */ = {isa = PBXFileReference; lastKnownFileType = "wrapper.pb-project"; name = cocos2d_libs.xcodeproj; path = ../cocos2d/build/cocos2d_libs.xcodeproj; sourceTree = "<group>"; };
		1ACB3243164770DE00914215 /* libcurl.a */ = {isa = PBXFileReference; lastKnownFileType = archive.ar; name = libcurl.a; path = ../../cocos2dx/platform/third_party/ios/libraries/libcurl.a; sourceTree = "<group>"; };
		1AFAF8B316D35DE700DB1158 /* AppDelegate.cpp */ = {isa = PBXFileReference; fileEncoding = 4; lastKnownFileType = sourcecode.cpp.cpp; name = AppDelegate.cpp; path = ../Classes/AppDelegate.cpp; sourceTree = "<group>"; };
		1AFAF8B416D35DE700DB1158 /* AppDelegate.h */ = {isa = PBXFileReference; fileEncoding = 4; lastKnownFileType = sourcecode.c.h; name = AppDelegate.h; path = ../Classes/AppDelegate.h; sourceTree = "<group>"; };
		1AFAF8B516D35DE700DB1158 /* HelloWorldScene.cpp */ = {isa = PBXFileReference; fileEncoding = 4; lastKnownFileType = sourcecode.cpp.cpp; name = HelloWorldScene.cpp; path = ../Classes/HelloWorldScene.cpp; sourceTree = "<group>"; };
		1AFAF8B616D35DE700DB1158 /* HelloWorldScene.h */ = {isa = PBXFileReference; fileEncoding = 4; lastKnownFileType = sourcecode.c.h; name = HelloWorldScene.h; path = ../Classes/HelloWorldScene.h; sourceTree = "<group>"; };
		1AFAF8B916D35E4900DB1158 /* CloseNormal.png */ = {isa = PBXFileReference; lastKnownFileType = image.png; path = CloseNormal.png; sourceTree = "<group>"; };
		1AFAF8BA16D35E4900DB1158 /* CloseSelected.png */ = {isa = PBXFileReference; lastKnownFileType = image.png; path = CloseSelected.png; sourceTree = "<group>"; };
		1AFAF8BB16D35E4900DB1158 /* HelloWorld.png */ = {isa = PBXFileReference; lastKnownFileType = image.png; path = HelloWorld.png; sourceTree = "<group>"; };
		1D30AB110D05D00D00671497 /* Foundation.framework */ = {isa = PBXFileReference; lastKnownFileType = wrapper.framework; name = Foundation.framework; path = System/Library/Frameworks/Foundation.framework; sourceTree = SDKROOT; };
		1D6058910D05DD3D006BFB54 /* BumpRace iOS.app */ = {isa = PBXFileReference; explicitFileType = wrapper.application; includeInIndex = 0; path = "BumpRace iOS.app"; sourceTree = BUILT_PRODUCTS_DIR; };
		1DF5F4DF0D08C38300B7A737 /* UIKit.framework */ = {isa = PBXFileReference; lastKnownFileType = wrapper.framework; name = UIKit.framework; path = System/Library/Frameworks/UIKit.framework; sourceTree = SDKROOT; };
		288765A40DF7441C002DB57D /* CoreGraphics.framework */ = {isa = PBXFileReference; lastKnownFileType = wrapper.framework; name = CoreGraphics.framework; path = System/Library/Frameworks/CoreGraphics.framework; sourceTree = SDKROOT; };
		503AE0F617EB97AB00D1A890 /* Icon.icns */ = {isa = PBXFileReference; lastKnownFileType = image.icns; path = Icon.icns; sourceTree = "<group>"; };
		503AE0F717EB97AB00D1A890 /* Info.plist */ = {isa = PBXFileReference; fileEncoding = 4; lastKnownFileType = text.plist.xml; path = Info.plist; sourceTree = "<group>"; };
		503AE0FA17EB989F00D1A890 /* AppController.h */ = {isa = PBXFileReference; fileEncoding = 4; lastKnownFileType = sourcecode.c.h; name = AppController.h; path = ios/AppController.h; sourceTree = SOURCE_ROOT; };
		503AE0FB17EB989F00D1A890 /* AppController.mm */ = {isa = PBXFileReference; fileEncoding = 4; lastKnownFileType = sourcecode.cpp.objcpp; name = AppController.mm; path = ios/AppController.mm; sourceTree = SOURCE_ROOT; };
		503AE0FC17EB989F00D1A890 /* main.m */ = {isa = PBXFileReference; fileEncoding = 4; lastKnownFileType = sourcecode.c.objc; name = main.m; path = ios/main.m; sourceTree = SOURCE_ROOT; };
		503AE0FD17EB989F00D1A890 /* Prefix.pch */ = {isa = PBXFileReference; fileEncoding = 4; lastKnownFileType = sourcecode.c.h; name = Prefix.pch; path = ios/Prefix.pch; sourceTree = SOURCE_ROOT; };
		503AE0FE17EB989F00D1A890 /* RootViewController.h */ = {isa = PBXFileReference; fileEncoding = 4; lastKnownFileType = sourcecode.c.h; name = RootViewController.h; path = ios/RootViewController.h; sourceTree = SOURCE_ROOT; };
		503AE0FF17EB989F00D1A890 /* RootViewController.mm */ = {isa = PBXFileReference; fileEncoding = 4; lastKnownFileType = sourcecode.cpp.objcpp; name = RootViewController.mm; path = ios/RootViewController.mm; sourceTree = SOURCE_ROOT; };
		503AE10317EB98FF00D1A890 /* main.cpp */ = {isa = PBXFileReference; fileEncoding = 4; lastKnownFileType = sourcecode.cpp.cpp; name = main.cpp; path = mac/main.cpp; sourceTree = "<group>"; };
		503AE10417EB98FF00D1A890 /* Prefix.pch */ = {isa = PBXFileReference; fileEncoding = 4; lastKnownFileType = sourcecode.c.h; name = Prefix.pch; path = mac/Prefix.pch; sourceTree = "<group>"; };
		503AE11117EB99EE00D1A890 /* libcurl.dylib */ = {isa = PBXFileReference; lastKnownFileType = "compiled.mach-o.dylib"; name = libcurl.dylib; path = usr/lib/libcurl.dylib; sourceTree = SDKROOT; };
		503AE11A17EB9C5A00D1A890 /* IOKit.framework */ = {isa = PBXFileReference; lastKnownFileType = wrapper.framework; name = IOKit.framework; path = System/Library/Frameworks/IOKit.framework; sourceTree = SDKROOT; };
		5087E76F17EB910900C73F5D /* BumpRace Mac.app */ = {isa = PBXFileReference; explicitFileType = wrapper.application; includeInIndex = 0; path = "BumpRace Mac.app"; sourceTree = BUILT_PRODUCTS_DIR; };
		5087E77217EB970100C73F5D /* Default-568h@2x.png */ = {isa = PBXFileReference; lastKnownFileType = image.png; path = "Default-568h@2x.png"; sourceTree = "<group>"; };
		5087E77317EB970100C73F5D /* Default.png */ = {isa = PBXFileReference; lastKnownFileType = image.png; path = Default.png; sourceTree = "<group>"; };
		5087E77417EB970100C73F5D /* Default@2x.png */ = {isa = PBXFileReference; lastKnownFileType = image.png; path = "Default@2x.png"; sourceTree = "<group>"; };
		5087E77517EB970100C73F5D /* Icon-114.png */ = {isa = PBXFileReference; lastKnownFileType = image.png; path = "Icon-114.png"; sourceTree = "<group>"; };
		5087E77617EB970100C73F5D /* Icon-120.png */ = {isa = PBXFileReference; lastKnownFileType = image.png; path = "Icon-120.png"; sourceTree = "<group>"; };
		5087E77717EB970100C73F5D /* Icon-144.png */ = {isa = PBXFileReference; lastKnownFileType = image.png; path = "Icon-144.png"; sourceTree = "<group>"; };
		5087E77817EB970100C73F5D /* Icon-152.png */ = {isa = PBXFileReference; lastKnownFileType = image.png; path = "Icon-152.png"; sourceTree = "<group>"; };
		5087E77917EB970100C73F5D /* Icon-57.png */ = {isa = PBXFileReference; lastKnownFileType = image.png; path = "Icon-57.png"; sourceTree = "<group>"; };
		5087E77A17EB970100C73F5D /* Icon-72.png */ = {isa = PBXFileReference; lastKnownFileType = image.png; path = "Icon-72.png"; sourceTree = "<group>"; };
		5087E77B17EB970100C73F5D /* Icon-76.png */ = {isa = PBXFileReference; lastKnownFileType = image.png; path = "Icon-76.png"; sourceTree = "<group>"; };
		5087E77C17EB970100C73F5D /* Info.plist */ = {isa = PBXFileReference; fileEncoding = 4; lastKnownFileType = text.plist.xml; path = Info.plist; sourceTree = "<group>"; };
		5087E78817EB974C00C73F5D /* AppKit.framework */ = {isa = PBXFileReference; lastKnownFileType = wrapper.framework; name = AppKit.framework; path = System/Library/Frameworks/AppKit.framework; sourceTree = SDKROOT; };
		5087E78A17EB975400C73F5D /* OpenGL.framework */ = {isa = PBXFileReference; lastKnownFileType = wrapper.framework; name = OpenGL.framework; path = System/Library/Frameworks/OpenGL.framework; sourceTree = SDKROOT; };
		50EF629217ECD46A001EB2F8 /* Icon-40.png */ = {isa = PBXFileReference; lastKnownFileType = image.png; path = "Icon-40.png"; sourceTree = "<group>"; };
		50EF629317ECD46A001EB2F8 /* Icon-58.png */ = {isa = PBXFileReference; lastKnownFileType = image.png; path = "Icon-58.png"; sourceTree = "<group>"; };
		50EF629417ECD46A001EB2F8 /* Icon-80.png */ = {isa = PBXFileReference; lastKnownFileType = image.png; path = "Icon-80.png"; sourceTree = "<group>"; };
		50EF629517ECD46A001EB2F8 /* Icon-100.png */ = {isa = PBXFileReference; lastKnownFileType = image.png; path = "Icon-100.png"; sourceTree = "<group>"; };
		50EF62A017ECD613001EB2F8 /* Icon-29.png */ = {isa = PBXFileReference; lastKnownFileType = image.png; path = "Icon-29.png"; sourceTree = "<group>"; };
		50EF62A117ECD613001EB2F8 /* Icon-50.png */ = {isa = PBXFileReference; lastKnownFileType = image.png; path = "Icon-50.png"; sourceTree = "<group>"; };
		8C29953B1983A56A00BD0096 /* BOX.png */ = {isa = PBXFileReference; lastKnownFileType = image.png; path = BOX.png; sourceTree = "<group>"; };
		8C29953C1983A56A00BD0096 /* btnBackOf.png */ = {isa = PBXFileReference; lastKnownFileType = image.png; path = btnBackOf.png; sourceTree = "<group>"; };
		8C29953D1983A56A00BD0096 /* btnBackOn.png */ = {isa = PBXFileReference; lastKnownFileType = image.png; path = btnBackOn.png; sourceTree = "<group>"; };
		8C29953E1983A56A00BD0096 /* btnOf.png */ = {isa = PBXFileReference; lastKnownFileType = image.png; path = btnOf.png; sourceTree = "<group>"; };
		8C29953F1983A56A00BD0096 /* btnOn.png */ = {isa = PBXFileReference; lastKnownFileType = image.png; path = btnOn.png; sourceTree = "<group>"; };
		8C2995401983A56A00BD0096 /* chboxInactive.png */ = {isa = PBXFileReference; lastKnownFileType = image.png; path = chboxInactive.png; sourceTree = "<group>"; };
		8C2995411983A56A00BD0096 /* checkpoint.png */ = {isa = PBXFileReference; lastKnownFileType = image.png; path = checkpoint.png; sourceTree = "<group>"; };
		8C2995421983A56A00BD0096 /* chkboxactive.png */ = {isa = PBXFileReference; lastKnownFileType = image.png; path = chkboxactive.png; sourceTree = "<group>"; };
		8C2995431983A56A00BD0096 /* chkboxclicked.png */ = {isa = PBXFileReference; lastKnownFileType = image.png; path = chkboxclicked.png; sourceTree = "<group>"; };
		8C2995441983A56A00BD0096 /* drzewka.png */ = {isa = PBXFileReference; lastKnownFileType = image.png; path = drzewka.png; sourceTree = "<group>"; };
		8C2995451983A56A00BD0096 /* FLAT.png */ = {isa = PBXFileReference; lastKnownFileType = image.png; path = FLAT.png; sourceTree = "<group>"; };
		8C2995461983A56A00BD0096 /* fonts */ = {isa = PBXFileReference; lastKnownFileType = folder; path = fonts; sourceTree = "<group>"; };
		8C2995471983A56A00BD0096 /* gotoMenuBtnOf.png */ = {isa = PBXFileReference; lastKnownFileType = image.png; path = gotoMenuBtnOf.png; sourceTree = "<group>"; };
		8C2995481983A56A00BD0096 /* minusBtn.png */ = {isa = PBXFileReference; lastKnownFileType = image.png; path = minusBtn.png; sourceTree = "<group>"; };
		8C2995491983A56A00BD0096 /* multiBtn.png */ = {isa = PBXFileReference; lastKnownFileType = image.png; path = multiBtn.png; sourceTree = "<group>"; };
		8C29954A1983A56A00BD0096 /* multilanguage */ = {isa = PBXFileReference; lastKnownFileType = folder; path = multilanguage; sourceTree = "<group>"; };
		8C29954B1983A56A00BD0096 /* PageElimination.png */ = {isa = PBXFileReference; lastKnownFileType = image.png; path = PageElimination.png; sourceTree = "<group>"; };
		8C29954C1983A56A00BD0096 /* pageEndlessRun.png */ = {isa = PBXFileReference; lastKnownFileType = image.png; path = pageEndlessRun.png; sourceTree = "<group>"; };
		8C29954D1983A56A00BD0096 /* pageGate.png */ = {isa = PBXFileReference; lastKnownFileType = image.png; path = pageGate.png; sourceTree = "<group>"; };
		8C29954E1983A56A00BD0096 /* particles */ = {isa = PBXFileReference; lastKnownFileType = folder; path = particles; sourceTree = "<group>"; };
		8C29954F1983A56A00BD0096 /* pauseBtnOf.png */ = {isa = PBXFileReference; lastKnownFileType = image.png; path = pauseBtnOf.png; sourceTree = "<group>"; };
		8C2995501983A56A00BD0096 /* pauseBtnOn — kopia.png */ = {isa = PBXFileReference; lastKnownFileType = image.png; path = "pauseBtnOn — kopia.png"; sourceTree = "<group>"; };
		8C2995511983A56A00BD0096 /* pauseBtnOn.png */ = {isa = PBXFileReference; lastKnownFileType = image.png; path = pauseBtnOn.png; sourceTree = "<group>"; };
		8C2995521983A56A00BD0096 /* plusbtn.png */ = {isa = PBXFileReference; lastKnownFileType = image.png; path = plusbtn.png; sourceTree = "<group>"; };
		8C2995531983A56A00BD0096 /* repeatBtnOn.png */ = {isa = PBXFileReference; lastKnownFileType = image.png; path = repeatBtnOn.png; sourceTree = "<group>"; };
		8C2995541983A56A00BD0096 /* Res1.plist */ = {isa = PBXFileReference; fileEncoding = 4; lastKnownFileType = text.plist.xml; path = Res1.plist; sourceTree = "<group>"; };
		8C2995551983A56A00BD0096 /* Res1.png */ = {isa = PBXFileReference; lastKnownFileType = image.png; path = Res1.png; sourceTree = "<group>"; };
		8C2995561983A56A00BD0096 /* Res1.tps */ = {isa = PBXFileReference; fileEncoding = 4; lastKnownFileType = text.xml; path = Res1.tps; sourceTree = "<group>"; };
		8C2995571983A56A00BD0096 /* resumeBtnOf.png */ = {isa = PBXFileReference; lastKnownFileType = image.png; path = resumeBtnOf.png; sourceTree = "<group>"; };
		8C2995581983A56A00BD0096 /* scripts */ = {isa = PBXFileReference; lastKnownFileType = folder; path = scripts; sourceTree = "<group>"; };
		8C2995591983A56A00BD0096 /* Shaders */ = {isa = PBXFileReference; lastKnownFileType = folder; path = Shaders; sourceTree = "<group>"; };
		8C29955A1983A56A00BD0096 /* slider.png */ = {isa = PBXFileReference; lastKnownFileType = image.png; path = slider.png; sourceTree = "<group>"; };
		8C29955B1983A56A00BD0096 /* sliderActive.png */ = {isa = PBXFileReference; lastKnownFileType = image.png; path = sliderActive.png; sourceTree = "<group>"; };
		8C29955C1983A56A00BD0096 /* sliderDot.png */ = {isa = PBXFileReference; lastKnownFileType = image.png; path = sliderDot.png; sourceTree = "<group>"; };
		8C29955D1983A56A00BD0096 /* sounds */ = {isa = PBXFileReference; lastKnownFileType = folder; path = sounds; sourceTree = "<group>"; };
		8C29955E1983A56A00BD0096 /* stars2.png */ = {isa = PBXFileReference; lastKnownFileType = image.png; path = stars2.png; sourceTree = "<group>"; };
		8C29955F1983A56A00BD0096 /* tlo.png */ = {isa = PBXFileReference; lastKnownFileType = image.png; path = tlo.png; sourceTree = "<group>"; };
		8C2995AC1983A57C00BD0096 /* AIOpponent.cpp */ = {isa = PBXFileReference; fileEncoding = 4; lastKnownFileType = sourcecode.cpp.cpp; name = AIOpponent.cpp; path = ../Classes/AIOpponent.cpp; sourceTree = "<group>"; };
		8C2995AD1983A57C00BD0096 /* AIOpponent.h */ = {isa = PBXFileReference; fileEncoding = 4; lastKnownFileType = sourcecode.c.h; name = AIOpponent.h; path = ../Classes/AIOpponent.h; sourceTree = "<group>"; };
		8C2995AE1983A57C00BD0096 /* Boxx.cpp */ = {isa = PBXFileReference; fileEncoding = 4; lastKnownFileType = sourcecode.cpp.cpp; name = Boxx.cpp; path = ../Classes/Boxx.cpp; sourceTree = "<group>"; };
		8C2995AF1983A57C00BD0096 /* Boxx.h */ = {isa = PBXFileReference; fileEncoding = 4; lastKnownFileType = sourcecode.c.h; name = Boxx.h; path = ../Classes/Boxx.h; sourceTree = "<group>"; };
		8C2995B01983A57C00BD0096 /* Checkpoint.cpp */ = {isa = PBXFileReference; fileEncoding = 4; lastKnownFileType = sourcecode.cpp.cpp; name = Checkpoint.cpp; path = ../Classes/Checkpoint.cpp; sourceTree = "<group>"; };
		8C2995B11983A57C00BD0096 /* Checkpoint.h */ = {isa = PBXFileReference; fileEncoding = 4; lastKnownFileType = sourcecode.c.h; name = Checkpoint.h; path = ../Classes/Checkpoint.h; sourceTree = "<group>"; };
		8C2995B21983A57C00BD0096 /* EndlessHud.cpp */ = {isa = PBXFileReference; fileEncoding = 4; lastKnownFileType = sourcecode.cpp.cpp; name = EndlessHud.cpp; path = ../Classes/EndlessHud.cpp; sourceTree = "<group>"; };
		8C2995B31983A57C00BD0096 /* EndlessHud.h */ = {isa = PBXFileReference; fileEncoding = 4; lastKnownFileType = sourcecode.c.h; name = EndlessHud.h; path = ../Classes/EndlessHud.h; sourceTree = "<group>"; };
		8C2995B41983A57C00BD0096 /* EndlessWorld.cpp */ = {isa = PBXFileReference; fileEncoding = 4; lastKnownFileType = sourcecode.cpp.cpp; name = EndlessWorld.cpp; path = ../Classes/EndlessWorld.cpp; sourceTree = "<group>"; };
		8C2995B51983A57C00BD0096 /* EndlessWorld.h */ = {isa = PBXFileReference; fileEncoding = 4; lastKnownFileType = sourcecode.c.h; name = EndlessWorld.h; path = ../Classes/EndlessWorld.h; sourceTree = "<group>"; };
		8C2995B61983A57C00BD0096 /* Globals.cpp */ = {isa = PBXFileReference; fileEncoding = 4; lastKnownFileType = sourcecode.cpp.cpp; name = Globals.cpp; path = ../Classes/Globals.cpp; sourceTree = "<group>"; };
		8C2995B71983A57C00BD0096 /* Globals.h */ = {isa = PBXFileReference; fileEncoding = 4; lastKnownFileType = sourcecode.c.h; name = Globals.h; path = ../Classes/Globals.h; sourceTree = "<group>"; };
		8C2995B81983A57C00BD0096 /* Hud.cpp */ = {isa = PBXFileReference; fileEncoding = 4; lastKnownFileType = sourcecode.cpp.cpp; name = Hud.cpp; path = ../Classes/Hud.cpp; sourceTree = "<group>"; };
		8C2995B91983A57C00BD0096 /* Hud.h */ = {isa = PBXFileReference; fileEncoding = 4; lastKnownFileType = sourcecode.c.h; name = Hud.h; path = ../Classes/Hud.h; sourceTree = "<group>"; };
		8C2995BA1983A57C00BD0096 /* Macros.h */ = {isa = PBXFileReference; fileEncoding = 4; lastKnownFileType = sourcecode.c.h; name = Macros.h; path = ../Classes/Macros.h; sourceTree = "<group>"; };
		8C2995BB1983A57C00BD0096 /* myLayout.cpp */ = {isa = PBXFileReference; fileEncoding = 4; lastKnownFileType = sourcecode.cpp.cpp; name = myLayout.cpp; path = ../Classes/myLayout.cpp; sourceTree = "<group>"; };
		8C2995BC1983A57C00BD0096 /* myLayout.h */ = {isa = PBXFileReference; fileEncoding = 4; lastKnownFileType = sourcecode.c.h; name = myLayout.h; path = ../Classes/myLayout.h; sourceTree = "<group>"; };
		8C2995BD1983A57C00BD0096 /* MyMenu.cpp */ = {isa = PBXFileReference; fileEncoding = 4; lastKnownFileType = sourcecode.cpp.cpp; name = MyMenu.cpp; path = ../Classes/MyMenu.cpp; sourceTree = "<group>"; };
		8C2995BE1983A57C00BD0096 /* MyMenu.h */ = {isa = PBXFileReference; fileEncoding = 4; lastKnownFileType = sourcecode.c.h; name = MyMenu.h; path = ../Classes/MyMenu.h; sourceTree = "<group>"; };
		8C2995BF1983A57C00BD0096 /* Paths.h */ = {isa = PBXFileReference; fileEncoding = 4; lastKnownFileType = sourcecode.c.h; name = Paths.h; path = ../Classes/Paths.h; sourceTree = "<group>"; };
		8C2995C01983A57C00BD0096 /* Player.cpp */ = {isa = PBXFileReference; fileEncoding = 4; lastKnownFileType = sourcecode.cpp.cpp; name = Player.cpp; path = ../Classes/Player.cpp; sourceTree = "<group>"; };
		8C2995C11983A57C00BD0096 /* Player.h */ = {isa = PBXFileReference; fileEncoding = 4; lastKnownFileType = sourcecode.c.h; name = Player.h; path = ../Classes/Player.h; sourceTree = "<group>"; };
		8C2995C21983A57C00BD0096 /* SingleElimHUD.cpp */ = {isa = PBXFileReference; fileEncoding = 4; lastKnownFileType = sourcecode.cpp.cpp; name = SingleElimHUD.cpp; path = ../Classes/SingleElimHUD.cpp; sourceTree = "<group>"; };
		8C2995C31983A57C00BD0096 /* SingleElimHUD.h */ = {isa = PBXFileReference; fileEncoding = 4; lastKnownFileType = sourcecode.c.h; name = SingleElimHUD.h; path = ../Classes/SingleElimHUD.h; sourceTree = "<group>"; };
		8C2995C41983A57C00BD0096 /* SingleEliminationWorld.cpp */ = {isa = PBXFileReference; fileEncoding = 4; lastKnownFileType = sourcecode.cpp.cpp; name = SingleEliminationWorld.cpp; path = ../Classes/SingleEliminationWorld.cpp; sourceTree = "<group>"; };
		8C2995C51983A57C00BD0096 /* SingleEliminationWorld.h */ = {isa = PBXFileReference; fileEncoding = 4; lastKnownFileType = sourcecode.c.h; name = SingleEliminationWorld.h; path = ../Classes/SingleEliminationWorld.h; sourceTree = "<group>"; };
		8C2995C61983A57C00BD0096 /* SingleGateWorld.cpp */ = {isa = PBXFileReference; fileEncoding = 4; lastKnownFileType = sourcecode.cpp.cpp; name = SingleGateWorld.cpp; path = ../Classes/SingleGateWorld.cpp; sourceTree = "<group>"; };
		8C2995C71983A57C00BD0096 /* SingleGateWorld.h */ = {isa = PBXFileReference; fileEncoding = 4; lastKnownFileType = sourcecode.c.h; name = SingleGateWorld.h; path = ../Classes/SingleGateWorld.h; sourceTree = "<group>"; };
		8C2995C81983A57C00BD0096 /* SingleHud.cpp */ = {isa = PBXFileReference; fileEncoding = 4; lastKnownFileType = sourcecode.cpp.cpp; name = SingleHud.cpp; path = ../Classes/SingleHud.cpp; sourceTree = "<group>"; };
		8C2995C91983A57C00BD0096 /* SingleHud.h */ = {isa = PBXFileReference; fileEncoding = 4; lastKnownFileType = sourcecode.c.h; name = SingleHud.h; path = ../Classes/SingleHud.h; sourceTree = "<group>"; };
		8C2995CA1983A57C00BD0096 /* U.cpp */ = {isa = PBXFileReference; fileEncoding = 4; lastKnownFileType = sourcecode.cpp.cpp; name = U.cpp; path = ../Classes/U.cpp; sourceTree = "<group>"; };
		8C2995CB1983A57C00BD0096 /* U.h */ = {isa = PBXFileReference; fileEncoding = 4; lastKnownFileType = sourcecode.c.h; name = U.h; path = ../Classes/U.h; sourceTree = "<group>"; };
		8C2995CC1983A57C00BD0096 /* VisibleRect.cpp */ = {isa = PBXFileReference; fileEncoding = 4; lastKnownFileType = sourcecode.cpp.cpp; name = VisibleRect.cpp; path = ../Classes/VisibleRect.cpp; sourceTree = "<group>"; };
		8C2995CD1983A57C00BD0096 /* VisibleRect.h */ = {isa = PBXFileReference; fileEncoding = 4; lastKnownFileType = sourcecode.c.h; name = VisibleRect.h; path = ../Classes/VisibleRect.h; sourceTree = "<group>"; };
		8C2995CE1983A57C00BD0096 /* World.cpp */ = {isa = PBXFileReference; fileEncoding = 4; lastKnownFileType = sourcecode.cpp.cpp; name = World.cpp; path = ../Classes/World.cpp; sourceTree = "<group>"; };
		8C2995CF1983A57C00BD0096 /* World.h */ = {isa = PBXFileReference; fileEncoding = 4; lastKnownFileType = sourcecode.c.h; name = World.h; path = ../Classes/World.h; sourceTree = "<group>"; };
		BF170DB012928DE900B8313A /* OpenGLES.framework */ = {isa = PBXFileReference; lastKnownFileType = wrapper.framework; name = OpenGLES.framework; path = System/Library/Frameworks/OpenGLES.framework; sourceTree = SDKROOT; };
		BF170DB412928DE900B8313A /* libz.dylib */ = {isa = PBXFileReference; lastKnownFileType = "compiled.mach-o.dylib"; name = libz.dylib; path = usr/lib/libz.dylib; sourceTree = SDKROOT; };
		BF1C47EA1293683800B63C5D /* QuartzCore.framework */ = {isa = PBXFileReference; lastKnownFileType = wrapper.framework; name = QuartzCore.framework; path = System/Library/Frameworks/QuartzCore.framework; sourceTree = SDKROOT; };
		D44C620B132DFF330009C878 /* OpenAL.framework */ = {isa = PBXFileReference; lastKnownFileType = wrapper.framework; name = OpenAL.framework; path = System/Library/Frameworks/OpenAL.framework; sourceTree = SDKROOT; };
		D44C620D132DFF430009C878 /* AVFoundation.framework */ = {isa = PBXFileReference; lastKnownFileType = wrapper.framework; name = AVFoundation.framework; path = System/Library/Frameworks/AVFoundation.framework; sourceTree = SDKROOT; };
		D44C620F132DFF4E0009C878 /* AudioToolbox.framework */ = {isa = PBXFileReference; lastKnownFileType = wrapper.framework; name = AudioToolbox.framework; path = System/Library/Frameworks/AudioToolbox.framework; sourceTree = SDKROOT; };
		D6B0611A1803AB670077942B /* CoreMotion.framework */ = {isa = PBXFileReference; lastKnownFileType = wrapper.framework; name = CoreMotion.framework; path = Platforms/iPhoneOS.platform/Developer/SDKs/iPhoneOS7.0.sdk/System/Library/Frameworks/CoreMotion.framework; sourceTree = DEVELOPER_DIR; };
/* End PBXFileReference section */

/* Begin PBXFrameworksBuildPhase section */
		1D60588F0D05DD3D006BFB54 /* Frameworks */ = {
			isa = PBXFrameworksBuildPhase;
			buildActionMask = 2147483647;
			files = (
				1AC6FB2E180E99EB004C840B /* libbox2d iOS.a in Frameworks */,
				1AC6FB2F180E99EB004C840B /* libchipmunk iOS.a in Frameworks */,
				1AC6FB30180E99EB004C840B /* libcocos2dx iOS.a in Frameworks */,
				1AC6FB31180E99EB004C840B /* libcocos2dx-extensions iOS.a in Frameworks */,
				1AC6FB32180E99EB004C840B /* libCocosDenshion iOS.a in Frameworks */,
				D6B0611B1803AB670077942B /* CoreMotion.framework in Frameworks */,
				1D60589F0D05DD5A006BFB54 /* Foundation.framework in Frameworks */,
				1DF5F4E00D08C38300B7A737 /* UIKit.framework in Frameworks */,
				288765A50DF7441C002DB57D /* CoreGraphics.framework in Frameworks */,
				BF171245129291EC00B8313A /* OpenGLES.framework in Frameworks */,
				BF1712471292920000B8313A /* libz.dylib in Frameworks */,
				BF1C47F01293687400B63C5D /* QuartzCore.framework in Frameworks */,
				D44C620C132DFF330009C878 /* OpenAL.framework in Frameworks */,
				D44C620E132DFF430009C878 /* AVFoundation.framework in Frameworks */,
				D44C6210132DFF4E0009C878 /* AudioToolbox.framework in Frameworks */,
			);
			runOnlyForDeploymentPostprocessing = 0;
		};
		5087E75C17EB910900C73F5D /* Frameworks */ = {
			isa = PBXFrameworksBuildPhase;
			buildActionMask = 2147483647;
			files = (
				1AC6FB1F180E996B004C840B /* libbox2d Mac.a in Frameworks */,
				1AC6FB20180E996B004C840B /* libchipmunk Mac.a in Frameworks */,
				1AC6FB21180E996B004C840B /* libcocos2dx Mac.a in Frameworks */,
				1AC6FB22180E996B004C840B /* libcocos2dx-extensions Mac.a in Frameworks */,
				1AC6FB23180E996B004C840B /* libCocosDenshion Mac.a in Frameworks */,
				503AE11217EB99EE00D1A890 /* libcurl.dylib in Frameworks */,
				5087E76717EB910900C73F5D /* libz.dylib in Frameworks */,
				503AE11B17EB9C5A00D1A890 /* IOKit.framework in Frameworks */,
				5087E78B17EB975400C73F5D /* OpenGL.framework in Frameworks */,
				5087E78917EB974C00C73F5D /* AppKit.framework in Frameworks */,
				5087E76317EB910900C73F5D /* Foundation.framework in Frameworks */,
				5087E76517EB910900C73F5D /* CoreGraphics.framework in Frameworks */,
				5087E76817EB910900C73F5D /* QuartzCore.framework in Frameworks */,
				5087E76917EB910900C73F5D /* OpenAL.framework in Frameworks */,
				5087E76A17EB910900C73F5D /* AVFoundation.framework in Frameworks */,
				5087E76B17EB910900C73F5D /* AudioToolbox.framework in Frameworks */,
			);
			runOnlyForDeploymentPostprocessing = 0;
		};
/* End PBXFrameworksBuildPhase section */

/* Begin PBXGroup section */
		080E96DDFE201D6D7F000001 /* ios */ = {
			isa = PBXGroup;
			children = (
				5087E77117EB970100C73F5D /* Icons */,
				503AE0FA17EB989F00D1A890 /* AppController.h */,
				503AE0FB17EB989F00D1A890 /* AppController.mm */,
				503AE0FC17EB989F00D1A890 /* main.m */,
				503AE0FD17EB989F00D1A890 /* Prefix.pch */,
				503AE0FE17EB989F00D1A890 /* RootViewController.h */,
				503AE0FF17EB989F00D1A890 /* RootViewController.mm */,
			);
			name = ios;
			path = Classes;
			sourceTree = "<group>";
		};
		15AA9C4015B7EC450033D6C2 /* Classes */ = {
			isa = PBXGroup;
			children = (
				8C2995AC1983A57C00BD0096 /* AIOpponent.cpp */,
				8C2995AD1983A57C00BD0096 /* AIOpponent.h */,
				8C2995AE1983A57C00BD0096 /* Boxx.cpp */,
				8C2995AF1983A57C00BD0096 /* Boxx.h */,
				8C2995B01983A57C00BD0096 /* Checkpoint.cpp */,
				8C2995B11983A57C00BD0096 /* Checkpoint.h */,
				8C2995B21983A57C00BD0096 /* EndlessHud.cpp */,
				8C2995B31983A57C00BD0096 /* EndlessHud.h */,
				8C2995B41983A57C00BD0096 /* EndlessWorld.cpp */,
				8C2995B51983A57C00BD0096 /* EndlessWorld.h */,
				8C2995B61983A57C00BD0096 /* Globals.cpp */,
				8C2995B71983A57C00BD0096 /* Globals.h */,
				8C2995B81983A57C00BD0096 /* Hud.cpp */,
				8C2995B91983A57C00BD0096 /* Hud.h */,
				8C2995BA1983A57C00BD0096 /* Macros.h */,
				8C2995BB1983A57C00BD0096 /* myLayout.cpp */,
				8C2995BC1983A57C00BD0096 /* myLayout.h */,
				8C2995BD1983A57C00BD0096 /* MyMenu.cpp */,
				8C2995BE1983A57C00BD0096 /* MyMenu.h */,
				8C2995BF1983A57C00BD0096 /* Paths.h */,
				8C2995C01983A57C00BD0096 /* Player.cpp */,
				8C2995C11983A57C00BD0096 /* Player.h */,
				8C2995C21983A57C00BD0096 /* SingleElimHUD.cpp */,
				8C2995C31983A57C00BD0096 /* SingleElimHUD.h */,
				8C2995C41983A57C00BD0096 /* SingleEliminationWorld.cpp */,
				8C2995C51983A57C00BD0096 /* SingleEliminationWorld.h */,
				8C2995C61983A57C00BD0096 /* SingleGateWorld.cpp */,
				8C2995C71983A57C00BD0096 /* SingleGateWorld.h */,
				8C2995C81983A57C00BD0096 /* SingleHud.cpp */,
				8C2995C91983A57C00BD0096 /* SingleHud.h */,
				8C2995CA1983A57C00BD0096 /* U.cpp */,
				8C2995CB1983A57C00BD0096 /* U.h */,
				8C2995CC1983A57C00BD0096 /* VisibleRect.cpp */,
				8C2995CD1983A57C00BD0096 /* VisibleRect.h */,
				8C2995CE1983A57C00BD0096 /* World.cpp */,
				8C2995CF1983A57C00BD0096 /* World.h */,
				1AFAF8B316D35DE700DB1158 /* AppDelegate.cpp */,
				1AFAF8B416D35DE700DB1158 /* AppDelegate.h */,
				1AFAF8B516D35DE700DB1158 /* HelloWorldScene.cpp */,
				1AFAF8B616D35DE700DB1158 /* HelloWorldScene.h */,
			);
			name = Classes;
			path = ../classes;
			sourceTree = "<group>";
		};
		19C28FACFE9D520D11CA2CBB /* Products */ = {
			isa = PBXGroup;
			children = (
				1D6058910D05DD3D006BFB54 /* BumpRace iOS.app */,
				5087E76F17EB910900C73F5D /* BumpRace Mac.app */,
			);
			name = Products;
			sourceTree = "<group>";
		};
		1AC6FAE6180E9839004C840B /* Products */ = {
			isa = PBXGroup;
			children = (
				1AC6FAF9180E9839004C840B /* libcocos2dx Mac.a */,
				1AC6FAFB180E9839004C840B /* libcocos2dx-extensions Mac.a */,
				1AC6FAFD180E9839004C840B /* libchipmunk Mac.a */,
				1AC6FAFF180E9839004C840B /* libbox2d Mac.a */,
				1AC6FB01180E9839004C840B /* libCocosDenshion Mac.a */,
				1AC6FB07180E9839004C840B /* libcocos2dx iOS.a */,
				1AC6FB09180E9839004C840B /* libcocos2dx-extensions iOS.a */,
				1AC6FB0B180E9839004C840B /* libchipmunk iOS.a */,
				1AC6FB0D180E9839004C840B /* libbox2d iOS.a */,
				1AC6FB0F180E9839004C840B /* libCocosDenshion iOS.a */,
			);
			name = Products;
			sourceTree = "<group>";
		};
		29B97314FDCFA39411CA2CEA /* CustomTemplate */ = {
			isa = PBXGroup;
			children = (
				1AC6FAE5180E9839004C840B /* cocos2d_libs.xcodeproj */,
				15AA9C4015B7EC450033D6C2 /* Classes */,
				29B97323FDCFA39411CA2CEA /* Frameworks */,
				080E96DDFE201D6D7F000001 /* ios */,
				503AE10617EB990700D1A890 /* mac */,
				19C28FACFE9D520D11CA2CBB /* Products */,
				78C7DDAA14EBA5050085D0C2 /* Resources */,
			);
			name = CustomTemplate;
			sourceTree = "<group>";
		};
		29B97323FDCFA39411CA2CEA /* Frameworks */ = {
			isa = PBXGroup;
			children = (
				D6B0611A1803AB670077942B /* CoreMotion.framework */,
				503AE11A17EB9C5A00D1A890 /* IOKit.framework */,
				503AE11117EB99EE00D1A890 /* libcurl.dylib */,
				5087E78A17EB975400C73F5D /* OpenGL.framework */,
				5087E78817EB974C00C73F5D /* AppKit.framework */,
				1ACB3243164770DE00914215 /* libcurl.a */,
				BF170DB412928DE900B8313A /* libz.dylib */,
				D44C620F132DFF4E0009C878 /* AudioToolbox.framework */,
				D44C620D132DFF430009C878 /* AVFoundation.framework */,
				288765A40DF7441C002DB57D /* CoreGraphics.framework */,
				1D30AB110D05D00D00671497 /* Foundation.framework */,
				D44C620B132DFF330009C878 /* OpenAL.framework */,
				BF170DB012928DE900B8313A /* OpenGLES.framework */,
				BF1C47EA1293683800B63C5D /* QuartzCore.framework */,
				1DF5F4DF0D08C38300B7A737 /* UIKit.framework */,
			);
			name = Frameworks;
			sourceTree = "<group>";
		};
		503AE0F517EB97AB00D1A890 /* Icons */ = {
			isa = PBXGroup;
			children = (
				503AE0F617EB97AB00D1A890 /* Icon.icns */,
				503AE0F717EB97AB00D1A890 /* Info.plist */,
			);
			name = Icons;
			path = mac;
			sourceTree = SOURCE_ROOT;
		};
		503AE10617EB990700D1A890 /* mac */ = {
			isa = PBXGroup;
			children = (
				503AE0F517EB97AB00D1A890 /* Icons */,
				503AE10317EB98FF00D1A890 /* main.cpp */,
				503AE10417EB98FF00D1A890 /* Prefix.pch */,
			);
			name = mac;
			sourceTree = "<group>";
		};
		5087E77117EB970100C73F5D /* Icons */ = {
			isa = PBXGroup;
			children = (
				5087E77217EB970100C73F5D /* Default-568h@2x.png */,
				5087E77317EB970100C73F5D /* Default.png */,
				5087E77417EB970100C73F5D /* Default@2x.png */,
				50EF62A017ECD613001EB2F8 /* Icon-29.png */,
				50EF62A117ECD613001EB2F8 /* Icon-50.png */,
				50EF629217ECD46A001EB2F8 /* Icon-40.png */,
				50EF629317ECD46A001EB2F8 /* Icon-58.png */,
				50EF629417ECD46A001EB2F8 /* Icon-80.png */,
				50EF629517ECD46A001EB2F8 /* Icon-100.png */,
				5087E77517EB970100C73F5D /* Icon-114.png */,
				5087E77617EB970100C73F5D /* Icon-120.png */,
				5087E77717EB970100C73F5D /* Icon-144.png */,
				5087E77817EB970100C73F5D /* Icon-152.png */,
				5087E77917EB970100C73F5D /* Icon-57.png */,
				5087E77A17EB970100C73F5D /* Icon-72.png */,
				5087E77B17EB970100C73F5D /* Icon-76.png */,
				5087E77C17EB970100C73F5D /* Info.plist */,
			);
			name = Icons;
			path = ios;
			sourceTree = SOURCE_ROOT;
		};
		78C7DDAA14EBA5050085D0C2 /* Resources */ = {
			isa = PBXGroup;
			children = (
				8C29953B1983A56A00BD0096 /* BOX.png */,
				8C29953C1983A56A00BD0096 /* btnBackOf.png */,
				8C29953D1983A56A00BD0096 /* btnBackOn.png */,
				8C29953E1983A56A00BD0096 /* btnOf.png */,
				8C29953F1983A56A00BD0096 /* btnOn.png */,
				8C2995401983A56A00BD0096 /* chboxInactive.png */,
				8C2995411983A56A00BD0096 /* checkpoint.png */,
				8C2995421983A56A00BD0096 /* chkboxactive.png */,
				8C2995431983A56A00BD0096 /* chkboxclicked.png */,
				8C2995441983A56A00BD0096 /* drzewka.png */,
				8C2995451983A56A00BD0096 /* FLAT.png */,
				8C2995461983A56A00BD0096 /* fonts */,
				8C2995471983A56A00BD0096 /* gotoMenuBtnOf.png */,
				8C2995481983A56A00BD0096 /* minusBtn.png */,
				8C2995491983A56A00BD0096 /* multiBtn.png */,
				8C29954A1983A56A00BD0096 /* multilanguage */,
				8C29954B1983A56A00BD0096 /* PageElimination.png */,
				8C29954C1983A56A00BD0096 /* pageEndlessRun.png */,
				8C29954D1983A56A00BD0096 /* pageGate.png */,
				8C29954E1983A56A00BD0096 /* particles */,
				8C29954F1983A56A00BD0096 /* pauseBtnOf.png */,
				8C2995501983A56A00BD0096 /* pauseBtnOn — kopia.png */,
				8C2995511983A56A00BD0096 /* pauseBtnOn.png */,
				8C2995521983A56A00BD0096 /* plusbtn.png */,
				8C2995531983A56A00BD0096 /* repeatBtnOn.png */,
				8C2995541983A56A00BD0096 /* Res1.plist */,
				8C2995551983A56A00BD0096 /* Res1.png */,
				8C2995561983A56A00BD0096 /* Res1.tps */,
				8C2995571983A56A00BD0096 /* resumeBtnOf.png */,
				8C2995581983A56A00BD0096 /* scripts */,
				8C2995591983A56A00BD0096 /* Shaders */,
				8C29955A1983A56A00BD0096 /* slider.png */,
				8C29955B1983A56A00BD0096 /* sliderActive.png */,
				8C29955C1983A56A00BD0096 /* sliderDot.png */,
				8C29955D1983A56A00BD0096 /* sounds */,
				8C29955E1983A56A00BD0096 /* stars2.png */,
				8C29955F1983A56A00BD0096 /* tlo.png */,
				1AFAF8B916D35E4900DB1158 /* CloseNormal.png */,
				1AFAF8BA16D35E4900DB1158 /* CloseSelected.png */,
				1AFAF8BB16D35E4900DB1158 /* HelloWorld.png */,
			);
			name = Resources;
			path = ../Resources;
			sourceTree = "<group>";
		};
/* End PBXGroup section */

/* Begin PBXNativeTarget section */
		1D6058900D05DD3D006BFB54 /* BumpRace iOS */ = {
			isa = PBXNativeTarget;
			buildConfigurationList = 1D6058960D05DD3E006BFB54 /* Build configuration list for PBXNativeTarget "BumpRace iOS" */;
			buildPhases = (
				1D60588D0D05DD3D006BFB54 /* Resources */,
				1D60588E0D05DD3D006BFB54 /* Sources */,
				1D60588F0D05DD3D006BFB54 /* Frameworks */,
			);
			buildRules = (
			);
			dependencies = (
				1AC6FB25180E99E1004C840B /* PBXTargetDependency */,
				1AC6FB27180E99E1004C840B /* PBXTargetDependency */,
				1AC6FB29180E99E1004C840B /* PBXTargetDependency */,
				1AC6FB2B180E99E1004C840B /* PBXTargetDependency */,
				1AC6FB2D180E99E1004C840B /* PBXTargetDependency */,
			);
			name = "BumpRace iOS";
			productName = iphone;
			productReference = 1D6058910D05DD3D006BFB54 /* BumpRace iOS.app */;
			productType = "com.apple.product-type.application";
		};
		5087E73D17EB910900C73F5D /* BumpRace Mac */ = {
			isa = PBXNativeTarget;
			buildConfigurationList = 5087E76C17EB910900C73F5D /* Build configuration list for PBXNativeTarget "BumpRace Mac" */;
			buildPhases = (
				5087E74817EB910900C73F5D /* Resources */,
				5087E75617EB910900C73F5D /* Sources */,
				5087E75C17EB910900C73F5D /* Frameworks */,
			);
			buildRules = (
			);
			dependencies = (
				1AC6FB1E180E9963004C840B /* PBXTargetDependency */,
				1AC6FB16180E9959004C840B /* PBXTargetDependency */,
				1AC6FB18180E9959004C840B /* PBXTargetDependency */,
				1AC6FB1A180E9959004C840B /* PBXTargetDependency */,
				1AC6FB1C180E9959004C840B /* PBXTargetDependency */,
			);
			name = "BumpRace Mac";
			productName = iphone;
			productReference = 5087E76F17EB910900C73F5D /* BumpRace Mac.app */;
			productType = "com.apple.product-type.application";
		};
/* End PBXNativeTarget section */

/* Begin PBXProject section */
		29B97313FDCFA39411CA2CEA /* Project object */ = {
			isa = PBXProject;
			attributes = {
				LastUpgradeCheck = 0500;
				TargetAttributes = {
					1D6058900D05DD3D006BFB54 = {
						DevelopmentTeam = MDDB52YB8L;
					};
				};
			};
			buildConfigurationList = C01FCF4E08A954540054247B /* Build configuration list for PBXProject "BumpRace" */;
			compatibilityVersion = "Xcode 3.2";
			developmentRegion = English;
			hasScannedForEncodings = 1;
			knownRegions = (
				English,
				Japanese,
				French,
				German,
			);
			mainGroup = 29B97314FDCFA39411CA2CEA /* CustomTemplate */;
			projectDirPath = "";
			projectReferences = (
				{
					ProductGroup = 1AC6FAE6180E9839004C840B /* Products */;
					ProjectRef = 1AC6FAE5180E9839004C840B /* cocos2d_libs.xcodeproj */;
				},
			);
			projectRoot = "";
			targets = (
				1D6058900D05DD3D006BFB54 /* BumpRace iOS */,
				5087E73D17EB910900C73F5D /* BumpRace Mac */,
			);
		};
/* End PBXProject section */

/* Begin PBXReferenceProxy section */
		1AC6FAF9180E9839004C840B /* libcocos2dx Mac.a */ = {
			isa = PBXReferenceProxy;
			fileType = archive.ar;
			path = "libcocos2dx Mac.a";
			remoteRef = 1AC6FAF8180E9839004C840B /* PBXContainerItemProxy */;
			sourceTree = BUILT_PRODUCTS_DIR;
		};
		1AC6FAFB180E9839004C840B /* libcocos2dx-extensions Mac.a */ = {
			isa = PBXReferenceProxy;
			fileType = archive.ar;
			path = "libcocos2dx-extensions Mac.a";
			remoteRef = 1AC6FAFA180E9839004C840B /* PBXContainerItemProxy */;
			sourceTree = BUILT_PRODUCTS_DIR;
		};
		1AC6FAFD180E9839004C840B /* libchipmunk Mac.a */ = {
			isa = PBXReferenceProxy;
			fileType = archive.ar;
			path = "libchipmunk Mac.a";
			remoteRef = 1AC6FAFC180E9839004C840B /* PBXContainerItemProxy */;
			sourceTree = BUILT_PRODUCTS_DIR;
		};
		1AC6FAFF180E9839004C840B /* libbox2d Mac.a */ = {
			isa = PBXReferenceProxy;
			fileType = archive.ar;
			path = "libbox2d Mac.a";
			remoteRef = 1AC6FAFE180E9839004C840B /* PBXContainerItemProxy */;
			sourceTree = BUILT_PRODUCTS_DIR;
		};
		1AC6FB01180E9839004C840B /* libCocosDenshion Mac.a */ = {
			isa = PBXReferenceProxy;
			fileType = archive.ar;
			path = "libCocosDenshion Mac.a";
			remoteRef = 1AC6FB00180E9839004C840B /* PBXContainerItemProxy */;
			sourceTree = BUILT_PRODUCTS_DIR;
		};
		1AC6FB07180E9839004C840B /* libcocos2dx iOS.a */ = {
			isa = PBXReferenceProxy;
			fileType = archive.ar;
			path = "libcocos2dx iOS.a";
			remoteRef = 1AC6FB06180E9839004C840B /* PBXContainerItemProxy */;
			sourceTree = BUILT_PRODUCTS_DIR;
		};
		1AC6FB09180E9839004C840B /* libcocos2dx-extensions iOS.a */ = {
			isa = PBXReferenceProxy;
			fileType = archive.ar;
			path = "libcocos2dx-extensions iOS.a";
			remoteRef = 1AC6FB08180E9839004C840B /* PBXContainerItemProxy */;
			sourceTree = BUILT_PRODUCTS_DIR;
		};
		1AC6FB0B180E9839004C840B /* libchipmunk iOS.a */ = {
			isa = PBXReferenceProxy;
			fileType = archive.ar;
			path = "libchipmunk iOS.a";
			remoteRef = 1AC6FB0A180E9839004C840B /* PBXContainerItemProxy */;
			sourceTree = BUILT_PRODUCTS_DIR;
		};
		1AC6FB0D180E9839004C840B /* libbox2d iOS.a */ = {
			isa = PBXReferenceProxy;
			fileType = archive.ar;
			path = "libbox2d iOS.a";
			remoteRef = 1AC6FB0C180E9839004C840B /* PBXContainerItemProxy */;
			sourceTree = BUILT_PRODUCTS_DIR;
		};
		1AC6FB0F180E9839004C840B /* libCocosDenshion iOS.a */ = {
			isa = PBXReferenceProxy;
			fileType = archive.ar;
			path = "libCocosDenshion iOS.a";
			remoteRef = 1AC6FB0E180E9839004C840B /* PBXContainerItemProxy */;
			sourceTree = BUILT_PRODUCTS_DIR;
		};
/* End PBXReferenceProxy section */

/* Begin PBXResourcesBuildPhase section */
		1D60588D0D05DD3D006BFB54 /* Resources */ = {
			isa = PBXResourcesBuildPhase;
			buildActionMask = 2147483647;
			files = (
				5087E78117EB970100C73F5D /* Icon-120.png in Resources */,
				8C29956C1983A56A00BD0096 /* checkpoint.png in Resources */,
				8C2995921983A56A00BD0096 /* Res1.plist in Resources */,
				5087E78617EB970100C73F5D /* Icon-76.png in Resources */,
				8C2995941983A56A00BD0096 /* Res1.png in Resources */,
				5087E77F17EB970100C73F5D /* Default@2x.png in Resources */,
				50EF629917ECD46A001EB2F8 /* Icon-100.png in Resources */,
				8C29956E1983A56A00BD0096 /* chkboxactive.png in Resources */,
				8C29958C1983A56A00BD0096 /* pauseBtnOn.png in Resources */,
				8C29958E1983A56A00BD0096 /* plusbtn.png in Resources */,
				8C29957E1983A56A00BD0096 /* multilanguage in Resources */,
				8C29959C1983A56A00BD0096 /* Shaders in Resources */,
				8C2995841983A56A00BD0096 /* pageGate.png in Resources */,
				8C2995861983A56A00BD0096 /* particles in Resources */,
				8C2995A41983A56A00BD0096 /* sounds in Resources */,
				8C2995721983A56A00BD0096 /* drzewka.png in Resources */,
				8C29958A1983A56A00BD0096 /* pauseBtnOn — kopia.png in Resources */,
				8C29959A1983A56A00BD0096 /* scripts in Resources */,
				8C2995801983A56A00BD0096 /* PageElimination.png in Resources */,
				1AFAF8BC16D35E4900DB1158 /* CloseNormal.png in Resources */,
				8C2995761983A56A00BD0096 /* fonts in Resources */,
				8C29957A1983A56A00BD0096 /* minusBtn.png in Resources */,
				8C2995681983A56A00BD0096 /* btnOn.png in Resources */,
				5087E78317EB970100C73F5D /* Icon-152.png in Resources */,
				8C2995781983A56A00BD0096 /* gotoMenuBtnOf.png in Resources */,
				5087E77D17EB970100C73F5D /* Default-568h@2x.png in Resources */,
				8C29957C1983A56A00BD0096 /* multiBtn.png in Resources */,
				8C2995701983A56A00BD0096 /* chkboxclicked.png in Resources */,
				8C2995741983A56A00BD0096 /* FLAT.png in Resources */,
				8C2995621983A56A00BD0096 /* btnBackOf.png in Resources */,
				5087E78517EB970100C73F5D /* Icon-72.png in Resources */,
				8C2995981983A56A00BD0096 /* resumeBtnOf.png in Resources */,
				1AFAF8BD16D35E4900DB1158 /* CloseSelected.png in Resources */,
				50EF62A317ECD613001EB2F8 /* Icon-50.png in Resources */,
				8C2995A61983A56A00BD0096 /* stars2.png in Resources */,
				5087E78017EB970100C73F5D /* Icon-114.png in Resources */,
				8C2995661983A56A00BD0096 /* btnOf.png in Resources */,
				8C2995641983A56A00BD0096 /* btnBackOn.png in Resources */,
				8C2995601983A56A00BD0096 /* BOX.png in Resources */,
				1AFAF8BE16D35E4900DB1158 /* HelloWorld.png in Resources */,
				50EF62A217ECD613001EB2F8 /* Icon-29.png in Resources */,
				8C2995A81983A56A00BD0096 /* tlo.png in Resources */,
				50EF629617ECD46A001EB2F8 /* Icon-40.png in Resources */,
				8C2995961983A56A00BD0096 /* Res1.tps in Resources */,
				8C2995881983A56A00BD0096 /* pauseBtnOf.png in Resources */,
				8C2995901983A56A00BD0096 /* repeatBtnOn.png in Resources */,
				5087E78217EB970100C73F5D /* Icon-144.png in Resources */,
				8C29956A1983A56A00BD0096 /* chboxInactive.png in Resources */,
				8C2995A21983A56A00BD0096 /* sliderDot.png in Resources */,
				50EF629817ECD46A001EB2F8 /* Icon-80.png in Resources */,
				8C29959E1983A56A00BD0096 /* slider.png in Resources */,
				5087E78417EB970100C73F5D /* Icon-57.png in Resources */,
				5087E77E17EB970100C73F5D /* Default.png in Resources */,
				50EF629717ECD46A001EB2F8 /* Icon-58.png in Resources */,
				8C2995A01983A56A00BD0096 /* sliderActive.png in Resources */,
				8C2995821983A56A00BD0096 /* pageEndlessRun.png in Resources */,
			);
			runOnlyForDeploymentPostprocessing = 0;
		};
		5087E74817EB910900C73F5D /* Resources */ = {
			isa = PBXResourcesBuildPhase;
			buildActionMask = 2147483647;
			files = (
				5087E75317EB910900C73F5D /* CloseNormal.png in Resources */,
				8C2995611983A56A00BD0096 /* BOX.png in Resources */,
				8C29956F1983A56A00BD0096 /* chkboxactive.png in Resources */,
				8C2995831983A56A00BD0096 /* pageEndlessRun.png in Resources */,
				8C2995A71983A56A00BD0096 /* stars2.png in Resources */,
				8C29957B1983A56A00BD0096 /* minusBtn.png in Resources */,
				8C2995791983A56A00BD0096 /* gotoMenuBtnOf.png in Resources */,
				8C2995691983A56A00BD0096 /* btnOn.png in Resources */,
				8C2995891983A56A00BD0096 /* pauseBtnOf.png in Resources */,
				8C2995971983A56A00BD0096 /* Res1.tps in Resources */,
				503AE0F817EB97AB00D1A890 /* Icon.icns in Resources */,
				8C2995871983A56A00BD0096 /* particles in Resources */,
				8C2995711983A56A00BD0096 /* chkboxclicked.png in Resources */,
				8C29957D1983A56A00BD0096 /* multiBtn.png in Resources */,
				8C29959B1983A56A00BD0096 /* scripts in Resources */,
				5087E75417EB910900C73F5D /* CloseSelected.png in Resources */,
				8C29956B1983A56A00BD0096 /* chboxInactive.png in Resources */,
				8C29959F1983A56A00BD0096 /* slider.png in Resources */,
				8C29959D1983A56A00BD0096 /* Shaders in Resources */,
				8C29958B1983A56A00BD0096 /* pauseBtnOn — kopia.png in Resources */,
				8C2995A11983A56A00BD0096 /* sliderActive.png in Resources */,
				8C29958D1983A56A00BD0096 /* pauseBtnOn.png in Resources */,
				8C2995731983A56A00BD0096 /* drzewka.png in Resources */,
				8C2995A91983A56A00BD0096 /* tlo.png in Resources */,
				8C2995931983A56A00BD0096 /* Res1.plist in Resources */,
				8C2995631983A56A00BD0096 /* btnBackOf.png in Resources */,
				8C29958F1983A56A00BD0096 /* plusbtn.png in Resources */,
				8C29956D1983A56A00BD0096 /* checkpoint.png in Resources */,
				8C2995A51983A56A00BD0096 /* sounds in Resources */,
				8C2995811983A56A00BD0096 /* PageElimination.png in Resources */,
				8C2995911983A56A00BD0096 /* repeatBtnOn.png in Resources */,
				8C2995951983A56A00BD0096 /* Res1.png in Resources */,
				8C2995991983A56A00BD0096 /* resumeBtnOf.png in Resources */,
				8C2995A31983A56A00BD0096 /* sliderDot.png in Resources */,
				8C2995851983A56A00BD0096 /* pageGate.png in Resources */,
				8C2995671983A56A00BD0096 /* btnOf.png in Resources */,
				8C2995751983A56A00BD0096 /* FLAT.png in Resources */,
				8C29957F1983A56A00BD0096 /* multilanguage in Resources */,
				5087E75517EB910900C73F5D /* HelloWorld.png in Resources */,
				8C2995651983A56A00BD0096 /* btnBackOn.png in Resources */,
				8C2995771983A56A00BD0096 /* fonts in Resources */,
			);
			runOnlyForDeploymentPostprocessing = 0;
		};
/* End PBXResourcesBuildPhase section */

/* Begin PBXSourcesBuildPhase section */
		1D60588E0D05DD3D006BFB54 /* Sources */ = {
			isa = PBXSourcesBuildPhase;
			buildActionMask = 2147483647;
			files = (
				8C2995DE1983A57D00BD0096 /* myLayout.cpp in Sources */,
				8C2995D21983A57D00BD0096 /* Boxx.cpp in Sources */,
				503AE10017EB989F00D1A890 /* AppController.mm in Sources */,
				8C2995D61983A57D00BD0096 /* EndlessHud.cpp in Sources */,
				503AE10217EB989F00D1A890 /* RootViewController.mm in Sources */,
				8C2995EE1983A57D00BD0096 /* VisibleRect.cpp in Sources */,
				8C2995F01983A57D00BD0096 /* World.cpp in Sources */,
				8C2995E81983A57D00BD0096 /* SingleGateWorld.cpp in Sources */,
				8C2995D01983A57D00BD0096 /* AIOpponent.cpp in Sources */,
				8C2995DA1983A57D00BD0096 /* Globals.cpp in Sources */,
				1AFAF8B716D35DE700DB1158 /* AppDelegate.cpp in Sources */,
				503AE10117EB989F00D1A890 /* main.m in Sources */,
				1AFAF8B816D35DE700DB1158 /* HelloWorldScene.cpp in Sources */,
				8C2995E01983A57D00BD0096 /* MyMenu.cpp in Sources */,
				8C2995DC1983A57D00BD0096 /* Hud.cpp in Sources */,
				8C2995E41983A57D00BD0096 /* SingleElimHUD.cpp in Sources */,
				8C2995EA1983A57D00BD0096 /* SingleHud.cpp in Sources */,
				8C2995EC1983A57D00BD0096 /* U.cpp in Sources */,
				8C2995D41983A57D00BD0096 /* Checkpoint.cpp in Sources */,
				8C2995D81983A57D00BD0096 /* EndlessWorld.cpp in Sources */,
				8C2995E21983A57D00BD0096 /* Player.cpp in Sources */,
				8C2995E61983A57D00BD0096 /* SingleEliminationWorld.cpp in Sources */,
			);
			runOnlyForDeploymentPostprocessing = 0;
		};
		5087E75617EB910900C73F5D /* Sources */ = {
			isa = PBXSourcesBuildPhase;
			buildActionMask = 2147483647;
			files = (
				8C2995D11983A57D00BD0096 /* AIOpponent.cpp in Sources */,
				8C2995D51983A57D00BD0096 /* Checkpoint.cpp in Sources */,
				8C2995E11983A57D00BD0096 /* MyMenu.cpp in Sources */,
				5087E75717EB910900C73F5D /* AppDelegate.cpp in Sources */,
				8C2995DD1983A57D00BD0096 /* Hud.cpp in Sources */,
				8C2995EB1983A57D00BD0096 /* SingleHud.cpp in Sources */,
				8C2995F11983A57D00BD0096 /* World.cpp in Sources */,
				5087E75817EB910900C73F5D /* HelloWorldScene.cpp in Sources */,
				503AE10517EB98FF00D1A890 /* main.cpp in Sources */,
				8C2995D31983A57D00BD0096 /* Boxx.cpp in Sources */,
				8C2995ED1983A57D00BD0096 /* U.cpp in Sources */,
				8C2995E71983A57D00BD0096 /* SingleEliminationWorld.cpp in Sources */,
				8C2995E31983A57D00BD0096 /* Player.cpp in Sources */,
				8C2995DB1983A57D00BD0096 /* Globals.cpp in Sources */,
				8C2995E51983A57D00BD0096 /* SingleElimHUD.cpp in Sources */,
				8C2995EF1983A57D00BD0096 /* VisibleRect.cpp in Sources */,
				8C2995D71983A57D00BD0096 /* EndlessHud.cpp in Sources */,
				8C2995DF1983A57D00BD0096 /* myLayout.cpp in Sources */,
				8C2995D91983A57D00BD0096 /* EndlessWorld.cpp in Sources */,
				8C2995E91983A57D00BD0096 /* SingleGateWorld.cpp in Sources */,
			);
			runOnlyForDeploymentPostprocessing = 0;
		};
/* End PBXSourcesBuildPhase section */

/* Begin PBXTargetDependency section */
		1AC6FB16180E9959004C840B /* PBXTargetDependency */ = {
			isa = PBXTargetDependency;
			name = "cocos2dx Mac";
			targetProxy = 1AC6FB15180E9959004C840B /* PBXContainerItemProxy */;
		};
		1AC6FB18180E9959004C840B /* PBXTargetDependency */ = {
			isa = PBXTargetDependency;
			name = "cocos2dx-extensions Mac";
			targetProxy = 1AC6FB17180E9959004C840B /* PBXContainerItemProxy */;
		};
		1AC6FB1A180E9959004C840B /* PBXTargetDependency */ = {
			isa = PBXTargetDependency;
			name = "chipmunk Mac";
			targetProxy = 1AC6FB19180E9959004C840B /* PBXContainerItemProxy */;
		};
		1AC6FB1C180E9959004C840B /* PBXTargetDependency */ = {
			isa = PBXTargetDependency;
			name = "CocosDenshion Mac";
			targetProxy = 1AC6FB1B180E9959004C840B /* PBXContainerItemProxy */;
		};
		1AC6FB1E180E9963004C840B /* PBXTargetDependency */ = {
			isa = PBXTargetDependency;
			name = "box2d Mac";
			targetProxy = 1AC6FB1D180E9963004C840B /* PBXContainerItemProxy */;
		};
		1AC6FB25180E99E1004C840B /* PBXTargetDependency */ = {
			isa = PBXTargetDependency;
			name = "cocos2dx iOS";
			targetProxy = 1AC6FB24180E99E1004C840B /* PBXContainerItemProxy */;
		};
		1AC6FB27180E99E1004C840B /* PBXTargetDependency */ = {
			isa = PBXTargetDependency;
			name = "cocos2dx-extensions iOS";
			targetProxy = 1AC6FB26180E99E1004C840B /* PBXContainerItemProxy */;
		};
		1AC6FB29180E99E1004C840B /* PBXTargetDependency */ = {
			isa = PBXTargetDependency;
			name = "chipmunk iOS";
			targetProxy = 1AC6FB28180E99E1004C840B /* PBXContainerItemProxy */;
		};
		1AC6FB2B180E99E1004C840B /* PBXTargetDependency */ = {
			isa = PBXTargetDependency;
			name = "box2d iOS";
			targetProxy = 1AC6FB2A180E99E1004C840B /* PBXContainerItemProxy */;
		};
		1AC6FB2D180E99E1004C840B /* PBXTargetDependency */ = {
			isa = PBXTargetDependency;
			name = "CocosDenshion iOS";
			targetProxy = 1AC6FB2C180E99E1004C840B /* PBXContainerItemProxy */;
		};
/* End PBXTargetDependency section */

/* Begin XCBuildConfiguration section */
		1D6058940D05DD3E006BFB54 /* Debug */ = {
			isa = XCBuildConfiguration;
			buildSettings = {
				ALWAYS_SEARCH_USER_PATHS = YES;
				CODE_SIGN_IDENTITY = fakeappdevacc;
				COMPRESS_PNG_FILES = NO;
				GCC_DYNAMIC_NO_PIC = NO;
				GCC_INLINES_ARE_PRIVATE_EXTERN = NO;
				GCC_PRECOMPILE_PREFIX_HEADER = YES;
				GCC_PREFIX_HEADER = ios/Prefix.pch;
				GCC_PREPROCESSOR_DEFINITIONS = (
					USE_FILE32API,
					CC_TARGET_OS_IPHONE,
					"COCOS2D_DEBUG=1",
					"CC_ENABLE_CHIPMUNK_INTEGRATION=1",
				);
				GCC_SYMBOLS_PRIVATE_EXTERN = NO;
				HEADER_SEARCH_PATHS = (
					"$(inherited)",
					"$(SRCROOT)/../cocos2d/cocos/platform/ios",
					"$(SRCROOT)/../cocos2d/cocos/platform/ios/Simulation",
				);
				INFOPLIST_FILE = ios/Info.plist;
				IPHONEOS_DEPLOYMENT_TARGET = 5.0;
				LIBRARY_SEARCH_PATHS = "";
				OTHER_CODE_SIGN_FLAGS = "-gta";
				SDKROOT = iphoneos;
				TARGETED_DEVICE_FAMILY = "1,2";
				USER_HEADER_SEARCH_PATHS = "";
			};
			name = Debug;
		};
		1D6058950D05DD3E006BFB54 /* Release */ = {
			isa = XCBuildConfiguration;
			buildSettings = {
				ALWAYS_SEARCH_USER_PATHS = YES;
				CODE_SIGN_IDENTITY = fakeappdevacc;
				COMPRESS_PNG_FILES = NO;
				GCC_INLINES_ARE_PRIVATE_EXTERN = NO;
				GCC_PRECOMPILE_PREFIX_HEADER = YES;
				GCC_PREFIX_HEADER = ios/Prefix.pch;
				GCC_PREPROCESSOR_DEFINITIONS = (
					USE_FILE32API,
					CC_TARGET_OS_IPHONE,
					"CC_ENABLE_CHIPMUNK_INTEGRATION=1",
				);
				GCC_SYMBOLS_PRIVATE_EXTERN = NO;
				HEADER_SEARCH_PATHS = (
					"$(inherited)",
					"$(SRCROOT)/../cocos2d/cocos/platform/ios",
					"$(SRCROOT)/../cocos2d/cocos/platform/ios/Simulation",
				);
				INFOPLIST_FILE = ios/Info.plist;
				IPHONEOS_DEPLOYMENT_TARGET = 5.0;
				LIBRARY_SEARCH_PATHS = "";
				OTHER_CODE_SIGN_FLAGS = "-gta";
				SDKROOT = iphoneos;
				TARGETED_DEVICE_FAMILY = "1,2";
				USER_HEADER_SEARCH_PATHS = "";
			};
			name = Release;
		};
		5087E76D17EB910900C73F5D /* Debug */ = {
			isa = XCBuildConfiguration;
			buildSettings = {
				ALWAYS_SEARCH_USER_PATHS = YES;
				ARCHS = "$(ARCHS_STANDARD_64_BIT)";
				CLANG_CXX_LANGUAGE_STANDARD = "c++0x";
				CLANG_CXX_LIBRARY = "libc++";
				GCC_DYNAMIC_NO_PIC = NO;
				GCC_INLINES_ARE_PRIVATE_EXTERN = NO;
				GCC_PRECOMPILE_PREFIX_HEADER = YES;
				GCC_PREFIX_HEADER = mac/Prefix.pch;
				GCC_PREPROCESSOR_DEFINITIONS = (
					USE_FILE32API,
					CC_TARGET_OS_MAC,
					"COCOS2D_DEBUG=1",
					"CC_ENABLE_CHIPMUNK_INTEGRATION=1",
				);
				GCC_SYMBOLS_PRIVATE_EXTERN = NO;
				HEADER_SEARCH_PATHS = (
					"$(inherited)",
					"$(SRCROOT)/../cocos2d/cocos/platform/mac",
					"$(SRCROOT)/../cocos2d/external/glfw3/include/mac",
				);
				INFOPLIST_FILE = mac/Info.plist;
				LIBRARY_SEARCH_PATHS = "";
				USER_HEADER_SEARCH_PATHS = "";
			};
			name = Debug;
		};
		5087E76E17EB910900C73F5D /* Release */ = {
			isa = XCBuildConfiguration;
			buildSettings = {
				ALWAYS_SEARCH_USER_PATHS = YES;
				ARCHS = "$(ARCHS_STANDARD_64_BIT)";
				CLANG_CXX_LANGUAGE_STANDARD = "c++0x";
				CLANG_CXX_LIBRARY = "libc++";
				GCC_INLINES_ARE_PRIVATE_EXTERN = NO;
				GCC_PRECOMPILE_PREFIX_HEADER = YES;
				GCC_PREFIX_HEADER = mac/Prefix.pch;
				GCC_PREPROCESSOR_DEFINITIONS = (
					USE_FILE32API,
					CC_TARGET_OS_MAC,
					"CC_ENABLE_CHIPMUNK_INTEGRATION=1",
				);
				GCC_SYMBOLS_PRIVATE_EXTERN = NO;
				HEADER_SEARCH_PATHS = (
					"$(inherited)",
					"$(SRCROOT)/../cocos2d/cocos/platform/mac",
					"$(SRCROOT)/../cocos2d/external/glfw3/include/mac",
				);
				INFOPLIST_FILE = mac/Info.plist;
				LIBRARY_SEARCH_PATHS = "";
				USER_HEADER_SEARCH_PATHS = "";
			};
			name = Release;
		};
		C01FCF4F08A954540054247B /* Debug */ = {
			isa = XCBuildConfiguration;
			buildSettings = {
				CLANG_CXX_LANGUAGE_STANDARD = "c++0x";
				CLANG_CXX_LIBRARY = "libc++";
				COPY_PHASE_STRIP = NO;
				GCC_OPTIMIZATION_LEVEL = 0;
				GCC_WARN_ABOUT_RETURN_TYPE = YES;
				GCC_WARN_UNUSED_VARIABLE = YES;
				HEADER_SEARCH_PATHS = (
					"$(SRCROOT)/../cocos2d",
					"$(SRCROOT)/../cocos2d/cocos",
					"$(SRCROOT)/../cocos2d/cocos/base",
					"$(SRCROOT)/../cocos2d/cocos/physics",
					"$(SRCROOT)/../cocos2d/cocos/math",
					"$(SRCROOT)/../cocos2d/cocos/2d",
					"$(SRCROOT)/../cocos2d/cocos/ui",
					"$(SRCROOT)/../cocos2d/cocos/network",
					"$(SRCROOT)/../cocos2d/cocos/audio/include",
					"$(SRCROOT)/../cocos2d/cocos/editor-support",
					"$(SRCROOT)/../cocos2d/extensions",
					"$(SRCROOT)/../cocos2d/external",
					"$(SRCROOT)/../cocos2d/external/chipmunk/include/chipmunk",
				);
				MACOSX_DEPLOYMENT_TARGET = 10.7;
				ONLY_ACTIVE_ARCH = YES;
				PRODUCT_NAME = "$(TARGET_NAME)";
				SDKROOT = macosx;
			};
			name = Debug;
		};
		C01FCF5008A954540054247B /* Release */ = {
			isa = XCBuildConfiguration;
			buildSettings = {
				CLANG_CXX_LANGUAGE_STANDARD = "c++0x";
				CLANG_CXX_LIBRARY = "libc++";
				GCC_WARN_ABOUT_RETURN_TYPE = YES;
				GCC_WARN_UNUSED_VARIABLE = YES;
				HEADER_SEARCH_PATHS = (
					"$(SRCROOT)/../cocos2d",
					"$(SRCROOT)/../cocos2d/cocos",
					"$(SRCROOT)/../cocos2d/cocos/base",
					"$(SRCROOT)/../cocos2d/cocos/physics",
					"$(SRCROOT)/../cocos2d/cocos/math",
					"$(SRCROOT)/../cocos2d/cocos/2d",
					"$(SRCROOT)/../cocos2d/cocos/ui",
					"$(SRCROOT)/../cocos2d/cocos/network",
					"$(SRCROOT)/../cocos2d/cocos/audio/include",
					"$(SRCROOT)/../cocos2d/cocos/editor-support",
					"$(SRCROOT)/../cocos2d/extensions",
					"$(SRCROOT)/../cocos2d/external",
					"$(SRCROOT)/../cocos2d/external/chipmunk/include/chipmunk",
				);
				MACOSX_DEPLOYMENT_TARGET = 10.7;
				OTHER_CFLAGS = "-DNS_BLOCK_ASSERTIONS=1";
				PRODUCT_NAME = "$(TARGET_NAME)";
				SDKROOT = macosx;
				VALIDATE_PRODUCT = YES;
			};
			name = Release;
		};
/* End XCBuildConfiguration section */

/* Begin XCConfigurationList section */
		1D6058960D05DD3E006BFB54 /* Build configuration list for PBXNativeTarget "BumpRace iOS" */ = {
			isa = XCConfigurationList;
			buildConfigurations = (
				1D6058940D05DD3E006BFB54 /* Debug */,
				1D6058950D05DD3E006BFB54 /* Release */,
			);
			defaultConfigurationIsVisible = 0;
			defaultConfigurationName = Debug;
		};
		5087E76C17EB910900C73F5D /* Build configuration list for PBXNativeTarget "BumpRace Mac" */ = {
			isa = XCConfigurationList;
			buildConfigurations = (
				5087E76D17EB910900C73F5D /* Debug */,
				5087E76E17EB910900C73F5D /* Release */,
			);
			defaultConfigurationIsVisible = 0;
			defaultConfigurationName = Debug;
		};
		C01FCF4E08A954540054247B /* Build configuration list for PBXProject "BumpRace" */ = {
			isa = XCConfigurationList;
			buildConfigurations = (
				C01FCF4F08A954540054247B /* Debug */,
				C01FCF5008A954540054247B /* Release */,
			);
			defaultConfigurationIsVisible = 0;
			defaultConfigurationName = Debug;
		};
/* End XCConfigurationList section */
	};
	rootObject = 29B97313FDCFA39411CA2CEA /* Project object */;
}
